// !$*UTF8*$!
{
	archiveVersion = 1;
	classes = {
	};
	objectVersion = 56;
	objects = {

/* Begin PBXBuildFile section */
		2F0677A329CEA56000687848 /* EmailViewModel.swift in Sources */ = {isa = PBXBuildFile; fileRef = 2F0677A229CEA56000687848 /* EmailViewModel.swift */; };
		2F0677A529CEA56900687848 /* EmailViewController.swift in Sources */ = {isa = PBXBuildFile; fileRef = 2F0677A429CEA56900687848 /* EmailViewController.swift */; };
		2F0677A829CEA57800687848 /* EmailView.swift in Sources */ = {isa = PBXBuildFile; fileRef = 2F0677A729CEA57800687848 /* EmailView.swift */; };
		2F0677AD29CEBE6300687848 /* NicknameView.swift in Sources */ = {isa = PBXBuildFile; fileRef = 2F0677AC29CEBE6300687848 /* NicknameView.swift */; };
		2F0677AF29CEBE6C00687848 /* NicknameViewController.swift in Sources */ = {isa = PBXBuildFile; fileRef = 2F0677AE29CEBE6C00687848 /* NicknameViewController.swift */; };
		2F0677B129CEBE7500687848 /* NicknameViewModel.swift in Sources */ = {isa = PBXBuildFile; fileRef = 2F0677B029CEBE7500687848 /* NicknameViewModel.swift */; };
		2F0677B529CF0BD500687848 /* PasswordViewModel.swift in Sources */ = {isa = PBXBuildFile; fileRef = 2F0677B429CF0BD500687848 /* PasswordViewModel.swift */; };
		2F0677B729CF0BDD00687848 /* PasswordViewController.swift in Sources */ = {isa = PBXBuildFile; fileRef = 2F0677B629CF0BDD00687848 /* PasswordViewController.swift */; };
		2F0677B929CF0BE300687848 /* PasswordView.swift in Sources */ = {isa = PBXBuildFile; fileRef = 2F0677B829CF0BE300687848 /* PasswordView.swift */; };
		2F0677BB29CF159500687848 /* PetsCommandoRepositoryType.swift in Sources */ = {isa = PBXBuildFile; fileRef = 2F0677BA29CF159500687848 /* PetsCommandoRepositoryType.swift */; };
		2F0677BE29CF1DE200687848 /* Toast in Frameworks */ = {isa = PBXBuildFile; productRef = 2F0677BD29CF1DE200687848 /* Toast */; };
		2F0677C029CF1E1600687848 /* UIViewController+Extension.swift in Sources */ = {isa = PBXBuildFile; fileRef = 2F0677BF29CF1E1600687848 /* UIViewController+Extension.swift */; };
		2F0677C229CF1FDE00687848 /* PetsCommandoRepository.swift in Sources */ = {isa = PBXBuildFile; fileRef = 2F0677C129CF1FDE00687848 /* PetsCommandoRepository.swift */; };
		2F4B1CDE29C191A500B999AB /* TabCell.swift in Sources */ = {isa = PBXBuildFile; fileRef = 2F4B1CDD29C191A500B999AB /* TabCell.swift */; };
		2F5FA8CC29BDA89800123AAC /* Image + Enum.swift in Sources */ = {isa = PBXBuildFile; fileRef = 2F5FA8CB29BDA89800123AAC /* Image + Enum.swift */; };
		2F64A8F129B3171800BC11B9 /* Font.swift in Sources */ = {isa = PBXBuildFile; fileRef = 2F64A8F029B3171800BC11B9 /* Font.swift */; };
		2F64A8F529B319F800BC11B9 /* Coordinator.swift in Sources */ = {isa = PBXBuildFile; fileRef = 2F64A8F429B319F800BC11B9 /* Coordinator.swift */; };
		2F64A8FC29B31AED00BC11B9 /* AppCoordinator.swift in Sources */ = {isa = PBXBuildFile; fileRef = 2F64A8FB29B31AED00BC11B9 /* AppCoordinator.swift */; };
		2F64A90129B31CFE00BC11B9 /* OnBoardingViewController.swift in Sources */ = {isa = PBXBuildFile; fileRef = 2F64A90029B31CFE00BC11B9 /* OnBoardingViewController.swift */; };
		2F64A90829B3281C00BC11B9 /* SnapKit in Frameworks */ = {isa = PBXBuildFile; productRef = 2F64A90729B3281C00BC11B9 /* SnapKit */; };
		2F64A90C29B3359600BC11B9 /* 강원교육모두 Light.otf in Resources */ = {isa = PBXBuildFile; fileRef = 2F64A90A29B3359600BC11B9 /* 강원교육모두 Light.otf */; };
		2F64A90D29B3359600BC11B9 /* 강원교육모두 Bold.otf in Resources */ = {isa = PBXBuildFile; fileRef = 2F64A90B29B3359600BC11B9 /* 강원교육모두 Bold.otf */; };
		2F64A91029B33A2C00BC11B9 /* LineTextFieldView.swift in Sources */ = {isa = PBXBuildFile; fileRef = 2F64A90F29B33A2C00BC11B9 /* LineTextFieldView.swift */; };
		2F64A91229B33A5F00BC11B9 /* UITextField+Extension.swift in Sources */ = {isa = PBXBuildFile; fileRef = 2F64A91129B33A5F00BC11B9 /* UITextField+Extension.swift */; };
		2F64A91829B34AE900BC11B9 /* SignUpView.swift in Sources */ = {isa = PBXBuildFile; fileRef = 2F64A91729B34AE900BC11B9 /* SignUpView.swift */; };
		2F863F2829CAB22900755FFC /* HTTPMethod.swift in Sources */ = {isa = PBXBuildFile; fileRef = 2F863F2729CAB22900755FFC /* HTTPMethod.swift */; };
		2F863F2A29CAB26A00755FFC /* TargetType.swift in Sources */ = {isa = PBXBuildFile; fileRef = 2F863F2929CAB26A00755FFC /* TargetType.swift */; };
		2F863F2C29CAB3F800755FFC /* NetworkError.swift in Sources */ = {isa = PBXBuildFile; fileRef = 2F863F2B29CAB3F800755FFC /* NetworkError.swift */; };
		2F863F3129CAB49700755FFC /* AuthDTO.swift in Sources */ = {isa = PBXBuildFile; fileRef = 2F863F3029CAB49700755FFC /* AuthDTO.swift */; };
		2F863F3329CAB77100755FFC /* PetsCommandoService.swift in Sources */ = {isa = PBXBuildFile; fileRef = 2F863F3229CAB77100755FFC /* PetsCommandoService.swift */; };
		2F863F3529CAB82900755FFC /* CertificationUseCase.swift in Sources */ = {isa = PBXBuildFile; fileRef = 2F863F3429CAB82900755FFC /* CertificationUseCase.swift */; };
		2F863F3729CAB97600755FFC /* UserRepositoryType.swift in Sources */ = {isa = PBXBuildFile; fileRef = 2F863F3629CAB97600755FFC /* UserRepositoryType.swift */; };
		2FAB65AA29B30E6C0022B609 /* LoginViewController.swift in Sources */ = {isa = PBXBuildFile; fileRef = 2FAB65A929B30E6C0022B609 /* LoginViewController.swift */; };
		2FAB65AD29B310570022B609 /* RxCocoa in Frameworks */ = {isa = PBXBuildFile; productRef = 2FAB65AC29B310570022B609 /* RxCocoa */; };
		2FAB65AF29B310570022B609 /* RxSwift in Frameworks */ = {isa = PBXBuildFile; productRef = 2FAB65AE29B310570022B609 /* RxSwift */; };
		2FAB65B229B3127D0022B609 /* Color.swift in Sources */ = {isa = PBXBuildFile; fileRef = 2FAB65B129B3127D0022B609 /* Color.swift */; };
		2FB2D79B29B59FAB00EA35F4 /* Font+Enum.swift in Sources */ = {isa = PBXBuildFile; fileRef = 2FB2D79A29B59FAB00EA35F4 /* Font+Enum.swift */; };
		2FB2D7A029B5AF1900EA35F4 /* AuthString.swift in Sources */ = {isa = PBXBuildFile; fileRef = 2FB2D79F29B5AF1900EA35F4 /* AuthString.swift */; };
		2FB2D7AA29B5C1FC00EA35F4 /* SignUpViewController.swift in Sources */ = {isa = PBXBuildFile; fileRef = 2FB2D7A929B5C1FC00EA35F4 /* SignUpViewController.swift */; };
		2FB2D7AC29B5C20200EA35F4 /* LoginView.swift in Sources */ = {isa = PBXBuildFile; fileRef = 2FB2D7AB29B5C20200EA35F4 /* LoginView.swift */; };
		2FB2D7B229B5C69200EA35F4 /* LoginViewModel.swift in Sources */ = {isa = PBXBuildFile; fileRef = 2FB2D7B129B5C69200EA35F4 /* LoginViewModel.swift */; };
		2FB2D7BC29B5CA3500EA35F4 /* OnBoardingView.swift in Sources */ = {isa = PBXBuildFile; fileRef = 2FB2D7BB29B5CA3500EA35F4 /* OnBoardingView.swift */; };
		2FB33F0F29D1CC12003B8B2A /* PetsCommandoTarget.swift in Sources */ = {isa = PBXBuildFile; fileRef = 2FB33F0E29D1CC12003B8B2A /* PetsCommandoTarget.swift */; };
		2FB33F1629D1D5B1003B8B2A /* EmailDuplicationQuery.swift in Sources */ = {isa = PBXBuildFile; fileRef = 2FB33F1529D1D5B1003B8B2A /* EmailDuplicationQuery.swift */; };
		2FB33F1929D1D5F0003B8B2A /* EmailDuplication.swift in Sources */ = {isa = PBXBuildFile; fileRef = 2FB33F1829D1D5F0003B8B2A /* EmailDuplication.swift */; };
		2FB33F1C29D2874C003B8B2A /* DuplicationEmailResponseDTO.swift in Sources */ = {isa = PBXBuildFile; fileRef = 2FB33F1B29D2874C003B8B2A /* DuplicationEmailResponseDTO.swift */; };
		2FB34DD229E520880069C71A /* NetworkTest.swift in Sources */ = {isa = PBXBuildFile; fileRef = 2FB34DD129E520880069C71A /* NetworkTest.swift */; };
		2FB5970429DFFF86006F641F /* CommunityViewController.swift in Sources */ = {isa = PBXBuildFile; fileRef = 2FB5970329DFFF86006F641F /* CommunityViewController.swift */; };
		2FB5970629E00265006F641F /* CommunityAndPetsListViewController.swift in Sources */ = {isa = PBXBuildFile; fileRef = 2FB5970529E00265006F641F /* CommunityAndPetsListViewController.swift */; };
		2FB5970929E0028A006F641F /* Tabman in Frameworks */ = {isa = PBXBuildFile; productRef = 2FB5970829E0028A006F641F /* Tabman */; };
		2FB5970B29E00346006F641F /* PetsLostViewController.swift in Sources */ = {isa = PBXBuildFile; fileRef = 2FB5970A29E00346006F641F /* PetsLostViewController.swift */; };
		2FB5970E29E006C2006F641F /* CommunityAndPetsLostCoordinator.swift in Sources */ = {isa = PBXBuildFile; fileRef = 2FB5970D29E006C2006F641F /* CommunityAndPetsLostCoordinator.swift */; };
		2FB5971129E00709006F641F /* CommunityAndPetsLostViewModel.swift in Sources */ = {isa = PBXBuildFile; fileRef = 2FB5971029E00709006F641F /* CommunityAndPetsLostViewModel.swift */; };
		2FB5971529E01015006F641F /* CommunityCollectionViewCell.swift in Sources */ = {isa = PBXBuildFile; fileRef = 2FB5971429E01015006F641F /* CommunityCollectionViewCell.swift */; };
		2FB5971A29E01F5A006F641F /* PetsLostCollectionViewCell.swift in Sources */ = {isa = PBXBuildFile; fileRef = 2FB5971929E01F5A006F641F /* PetsLostCollectionViewCell.swift */; };
		2FC246DB29D1945100349AEF /* Moya in Frameworks */ = {isa = PBXBuildFile; productRef = 2FC246DA29D1945100349AEF /* Moya */; };
		2FC246DE29D194C700349AEF /* ToastCase.swift in Sources */ = {isa = PBXBuildFile; fileRef = 2FC246DD29D194C700349AEF /* ToastCase.swift */; };
		2FC2EB5129E4034E00ECE2ED /* CommunityDetailViewController.swift in Sources */ = {isa = PBXBuildFile; fileRef = 2FC2EB5029E4034E00ECE2ED /* CommunityDetailViewController.swift */; };
		2FC2EB5429E4036600ECE2ED /* CommunityDetailView.swift in Sources */ = {isa = PBXBuildFile; fileRef = 2FC2EB5329E4036600ECE2ED /* CommunityDetailView.swift */; };
		2FC2EB5629E4104100ECE2ED /* IndicatorView.swift in Sources */ = {isa = PBXBuildFile; fileRef = 2FC2EB5529E4104100ECE2ED /* IndicatorView.swift */; };
		2FC2EB5929E4105900ECE2ED /* Then in Frameworks */ = {isa = PBXBuildFile; productRef = 2FC2EB5829E4105900ECE2ED /* Then */; };
		2FC572DC29B8402600D21EBA /* HomeViewController.swift in Sources */ = {isa = PBXBuildFile; fileRef = 2FC572DB29B8402600D21EBA /* HomeViewController.swift */; };
		2FC572DE29B8403300D21EBA /* HomeViewModel.swift in Sources */ = {isa = PBXBuildFile; fileRef = 2FC572DD29B8403300D21EBA /* HomeViewModel.swift */; };
		2FC572E129B8404E00D21EBA /* HomeView.swift in Sources */ = {isa = PBXBuildFile; fileRef = 2FC572E029B8404E00D21EBA /* HomeView.swift */; };
		2FC5B27F29CAD43A0032B55C /* .gitignore in Resources */ = {isa = PBXBuildFile; fileRef = 2FC5B27E29CAD43A0032B55C /* .gitignore */; };
		2FC5B28129CAD4700032B55C /* APIKey.swift in Sources */ = {isa = PBXBuildFile; fileRef = 2FC5B28029CAD4700032B55C /* APIKey.swift */; };
		2FC5B28329CAD7990032B55C /* EndPoint.swift in Sources */ = {isa = PBXBuildFile; fileRef = 2FC5B28229CAD7990032B55C /* EndPoint.swift */; };
		2FC5B28629CAE16A0032B55C /* UserRepository.swift in Sources */ = {isa = PBXBuildFile; fileRef = 2FC5B28529CAE16A0032B55C /* UserRepository.swift */; };
		2FC94ED529C083230097E696 /* HomeString.swift in Sources */ = {isa = PBXBuildFile; fileRef = 2FC94ED429C083230097E696 /* HomeString.swift */; };
		2FC9CA1329B70307008C502F /* SignUpViewModel.swift in Sources */ = {isa = PBXBuildFile; fileRef = 2FC9CA1229B70307008C502F /* SignUpViewModel.swift */; };
		2FD188B029DE8A9900996EA9 /* CommunityView.swift in Sources */ = {isa = PBXBuildFile; fileRef = 2FD188AF29DE8A9900996EA9 /* CommunityView.swift */; };
		2FD188B229DE8C3500996EA9 /* CommunityTableViewCell.swift in Sources */ = {isa = PBXBuildFile; fileRef = 2FD188B129DE8C3500996EA9 /* CommunityTableViewCell.swift */; };
		2FD188B429DE8C7500996EA9 /* BaseTableViewCell.swift in Sources */ = {isa = PBXBuildFile; fileRef = 2FD188B329DE8C7500996EA9 /* BaseTableViewCell.swift */; };
		2FD188B629DE8DC000996EA9 /* MockListData.swift in Sources */ = {isa = PBXBuildFile; fileRef = 2FD188B529DE8DC000996EA9 /* MockListData.swift */; };
		2FD188B829DEA57F00996EA9 /* PetsLostView.swift in Sources */ = {isa = PBXBuildFile; fileRef = 2FD188B729DEA57F00996EA9 /* PetsLostView.swift */; };
		2FD188BA29DEA58B00996EA9 /* PetsLostTableViewCell.swift in Sources */ = {isa = PBXBuildFile; fileRef = 2FD188B929DEA58B00996EA9 /* PetsLostTableViewCell.swift */; };
		2FD3BFFB29B99C0E00096669 /* TabBarCoordinator.swift in Sources */ = {isa = PBXBuildFile; fileRef = 2FD3BFFA29B99C0E00096669 /* TabBarCoordinator.swift */; };
		2FD40B1529C58D0C00BED327 /* TopicViewController.swift in Sources */ = {isa = PBXBuildFile; fileRef = 2FD40B1429C58D0C00BED327 /* TopicViewController.swift */; };
		2FD40B1729C58DAA00BED327 /* SectionHeaderView.swift in Sources */ = {isa = PBXBuildFile; fileRef = 2FD40B1629C58DAA00BED327 /* SectionHeaderView.swift */; };
		2FD40B1929C58DDA00BED327 /* TopicView.swift in Sources */ = {isa = PBXBuildFile; fileRef = 2FD40B1829C58DDA00BED327 /* TopicView.swift */; };
		2FD40B1B29C58E0F00BED327 /* BaseCollectionViewCell.swift in Sources */ = {isa = PBXBuildFile; fileRef = 2FD40B1A29C58E0F00BED327 /* BaseCollectionViewCell.swift */; };
		2FD40B1D29C58EBE00BED327 /* Community.swift in Sources */ = {isa = PBXBuildFile; fileRef = 2FD40B1C29C58EBE00BED327 /* Community.swift */; };
		2FD40B1F29C593B200BED327 /* TopicCell.swift in Sources */ = {isa = PBXBuildFile; fileRef = 2FD40B1E29C593B200BED327 /* TopicCell.swift */; };
		2FD85FC329C8252400BE0BCC /* CoordinatorDelegate.swift in Sources */ = {isa = PBXBuildFile; fileRef = 2FD85FC229C8252400BE0BCC /* CoordinatorDelegate.swift */; };
		2FD85FC529C825A200BE0BCC /* CoordinatorStyleCase.swift in Sources */ = {isa = PBXBuildFile; fileRef = 2FD85FC429C825A200BE0BCC /* CoordinatorStyleCase.swift */; };
		2FD9067929C947A100CC4225 /* AuthCoordinator.swift in Sources */ = {isa = PBXBuildFile; fileRef = 2FD9067829C947A100CC4225 /* AuthCoordinator.swift */; };
		2FD9067D29C94A0800CC4225 /* OnBoardingViewModel.swift in Sources */ = {isa = PBXBuildFile; fileRef = 2FD9067C29C94A0800CC4225 /* OnBoardingViewModel.swift */; };
		2FD9067F29C94F0900CC4225 /* TabBarPageCases.swift in Sources */ = {isa = PBXBuildFile; fileRef = 2FD9067E29C94F0900CC4225 /* TabBarPageCases.swift */; };
		2FD9068129C9519800CC4225 /* UserDefaultKeyCase.swift in Sources */ = {isa = PBXBuildFile; fileRef = 2FD9068029C9519800CC4225 /* UserDefaultKeyCase.swift */; };
		2FD9068429C9521900CC4225 /* HomeCoordinator.swift in Sources */ = {isa = PBXBuildFile; fileRef = 2FD9068329C9521900CC4225 /* HomeCoordinator.swift */; };
		2FDE15D02990D13C00154A78 /* AppDelegate.swift in Sources */ = {isa = PBXBuildFile; fileRef = 2FDE15CF2990D13C00154A78 /* AppDelegate.swift */; };
		2FDE15D22990D13C00154A78 /* SceneDelegate.swift in Sources */ = {isa = PBXBuildFile; fileRef = 2FDE15D12990D13C00154A78 /* SceneDelegate.swift */; };
		2FDE15D92990D13D00154A78 /* Assets.xcassets in Resources */ = {isa = PBXBuildFile; fileRef = 2FDE15D82990D13D00154A78 /* Assets.xcassets */; };
		2FDE15DC2990D13D00154A78 /* LaunchScreen.storyboard in Resources */ = {isa = PBXBuildFile; fileRef = 2FDE15DA2990D13D00154A78 /* LaunchScreen.storyboard */; };
		2FDE15EA2990D2EC00154A78 /* NetworkMonitor.swift in Sources */ = {isa = PBXBuildFile; fileRef = 2FDE15E92990D2EC00154A78 /* NetworkMonitor.swift */; };
		2FDE15ED2990D32C00154A78 /* Router.swift in Sources */ = {isa = PBXBuildFile; fileRef = 2FDE15EC2990D32C00154A78 /* Router.swift */; };
		2FDE15F82990DB0E00154A78 /* RealmModel.swift in Sources */ = {isa = PBXBuildFile; fileRef = 2FDE15F72990DB0E00154A78 /* RealmModel.swift */; };
		2FDE15FA2990DB1B00154A78 /* Repository.swift in Sources */ = {isa = PBXBuildFile; fileRef = 2FDE15F92990DB1B00154A78 /* Repository.swift */; };
		2FDE16002990DB6400154A78 /* ViewModelType.swift in Sources */ = {isa = PBXBuildFile; fileRef = 2FDE15FF2990DB6400154A78 /* ViewModelType.swift */; };
		2FDE16072990DDBF00154A78 /* BaseView.swift in Sources */ = {isa = PBXBuildFile; fileRef = 2FDE16062990DDBF00154A78 /* BaseView.swift */; };
		2FDE16092990DDCA00154A78 /* BaseViewController.swift in Sources */ = {isa = PBXBuildFile; fileRef = 2FDE16082990DDCA00154A78 /* BaseViewController.swift */; };
		2FFA534429DAC7750065F624 /* CircleButton.swift in Sources */ = {isa = PBXBuildFile; fileRef = 2FFA534329DAC7750065F624 /* CircleButton.swift */; };
		2FFA534629DAC7890065F624 /* DefaultButton.swift in Sources */ = {isa = PBXBuildFile; fileRef = 2FFA534529DAC7890065F624 /* DefaultButton.swift */; };
		2FFA534829DAC7F80065F624 /* ButtonStatus.swift in Sources */ = {isa = PBXBuildFile; fileRef = 2FFA534729DAC7F80065F624 /* ButtonStatus.swift */; };
		2FFA534A29DACA8F0065F624 /* UIView+.swift in Sources */ = {isa = PBXBuildFile; fileRef = 2FFA534929DACA8F0065F624 /* UIView+.swift */; };
/* End PBXBuildFile section */

/* Begin PBXFileReference section */
		2F0677A229CEA56000687848 /* EmailViewModel.swift */ = {isa = PBXFileReference; lastKnownFileType = sourcecode.swift; path = EmailViewModel.swift; sourceTree = "<group>"; };
		2F0677A429CEA56900687848 /* EmailViewController.swift */ = {isa = PBXFileReference; lastKnownFileType = sourcecode.swift; path = EmailViewController.swift; sourceTree = "<group>"; };
		2F0677A729CEA57800687848 /* EmailView.swift */ = {isa = PBXFileReference; lastKnownFileType = sourcecode.swift; path = EmailView.swift; sourceTree = "<group>"; };
		2F0677AC29CEBE6300687848 /* NicknameView.swift */ = {isa = PBXFileReference; lastKnownFileType = sourcecode.swift; path = NicknameView.swift; sourceTree = "<group>"; };
		2F0677AE29CEBE6C00687848 /* NicknameViewController.swift */ = {isa = PBXFileReference; lastKnownFileType = sourcecode.swift; path = NicknameViewController.swift; sourceTree = "<group>"; };
		2F0677B029CEBE7500687848 /* NicknameViewModel.swift */ = {isa = PBXFileReference; lastKnownFileType = sourcecode.swift; path = NicknameViewModel.swift; sourceTree = "<group>"; };
		2F0677B429CF0BD500687848 /* PasswordViewModel.swift */ = {isa = PBXFileReference; lastKnownFileType = sourcecode.swift; path = PasswordViewModel.swift; sourceTree = "<group>"; };
		2F0677B629CF0BDD00687848 /* PasswordViewController.swift */ = {isa = PBXFileReference; lastKnownFileType = sourcecode.swift; path = PasswordViewController.swift; sourceTree = "<group>"; };
		2F0677B829CF0BE300687848 /* PasswordView.swift */ = {isa = PBXFileReference; lastKnownFileType = sourcecode.swift; path = PasswordView.swift; sourceTree = "<group>"; };
		2F0677BA29CF159500687848 /* PetsCommandoRepositoryType.swift */ = {isa = PBXFileReference; lastKnownFileType = sourcecode.swift; path = PetsCommandoRepositoryType.swift; sourceTree = "<group>"; };
		2F0677BF29CF1E1600687848 /* UIViewController+Extension.swift */ = {isa = PBXFileReference; lastKnownFileType = sourcecode.swift; path = "UIViewController+Extension.swift"; sourceTree = "<group>"; };
		2F0677C129CF1FDE00687848 /* PetsCommandoRepository.swift */ = {isa = PBXFileReference; lastKnownFileType = sourcecode.swift; path = PetsCommandoRepository.swift; sourceTree = "<group>"; };
		2F4B1CDD29C191A500B999AB /* TabCell.swift */ = {isa = PBXFileReference; lastKnownFileType = sourcecode.swift; path = TabCell.swift; sourceTree = "<group>"; };
		2F5FA8CB29BDA89800123AAC /* Image + Enum.swift */ = {isa = PBXFileReference; lastKnownFileType = sourcecode.swift; path = "Image + Enum.swift"; sourceTree = "<group>"; };
		2F64A8F029B3171800BC11B9 /* Font.swift */ = {isa = PBXFileReference; lastKnownFileType = sourcecode.swift; path = Font.swift; sourceTree = "<group>"; };
		2F64A8F429B319F800BC11B9 /* Coordinator.swift */ = {isa = PBXFileReference; lastKnownFileType = sourcecode.swift; path = Coordinator.swift; sourceTree = "<group>"; };
		2F64A8FB29B31AED00BC11B9 /* AppCoordinator.swift */ = {isa = PBXFileReference; lastKnownFileType = sourcecode.swift; path = AppCoordinator.swift; sourceTree = "<group>"; };
		2F64A90029B31CFE00BC11B9 /* OnBoardingViewController.swift */ = {isa = PBXFileReference; lastKnownFileType = sourcecode.swift; path = OnBoardingViewController.swift; sourceTree = "<group>"; };
		2F64A90A29B3359600BC11B9 /* 강원교육모두 Light.otf */ = {isa = PBXFileReference; lastKnownFileType = file; path = "강원교육모두 Light.otf"; sourceTree = "<group>"; };
		2F64A90B29B3359600BC11B9 /* 강원교육모두 Bold.otf */ = {isa = PBXFileReference; lastKnownFileType = file; path = "강원교육모두 Bold.otf"; sourceTree = "<group>"; };
		2F64A90F29B33A2C00BC11B9 /* LineTextFieldView.swift */ = {isa = PBXFileReference; lastKnownFileType = sourcecode.swift; path = LineTextFieldView.swift; sourceTree = "<group>"; };
		2F64A91129B33A5F00BC11B9 /* UITextField+Extension.swift */ = {isa = PBXFileReference; lastKnownFileType = sourcecode.swift; path = "UITextField+Extension.swift"; sourceTree = "<group>"; };
		2F64A91729B34AE900BC11B9 /* SignUpView.swift */ = {isa = PBXFileReference; lastKnownFileType = sourcecode.swift; path = SignUpView.swift; sourceTree = "<group>"; };
		2F863F2729CAB22900755FFC /* HTTPMethod.swift */ = {isa = PBXFileReference; lastKnownFileType = sourcecode.swift; path = HTTPMethod.swift; sourceTree = "<group>"; };
		2F863F2929CAB26A00755FFC /* TargetType.swift */ = {isa = PBXFileReference; lastKnownFileType = sourcecode.swift; path = TargetType.swift; sourceTree = "<group>"; };
		2F863F2B29CAB3F800755FFC /* NetworkError.swift */ = {isa = PBXFileReference; lastKnownFileType = sourcecode.swift; path = NetworkError.swift; sourceTree = "<group>"; };
		2F863F3029CAB49700755FFC /* AuthDTO.swift */ = {isa = PBXFileReference; lastKnownFileType = sourcecode.swift; path = AuthDTO.swift; sourceTree = "<group>"; };
		2F863F3229CAB77100755FFC /* PetsCommandoService.swift */ = {isa = PBXFileReference; lastKnownFileType = sourcecode.swift; path = PetsCommandoService.swift; sourceTree = "<group>"; };
		2F863F3429CAB82900755FFC /* CertificationUseCase.swift */ = {isa = PBXFileReference; lastKnownFileType = sourcecode.swift; path = CertificationUseCase.swift; sourceTree = "<group>"; };
		2F863F3629CAB97600755FFC /* UserRepositoryType.swift */ = {isa = PBXFileReference; lastKnownFileType = sourcecode.swift; path = UserRepositoryType.swift; sourceTree = "<group>"; };
		2FAB65A929B30E6C0022B609 /* LoginViewController.swift */ = {isa = PBXFileReference; lastKnownFileType = sourcecode.swift; path = LoginViewController.swift; sourceTree = "<group>"; };
		2FAB65B129B3127D0022B609 /* Color.swift */ = {isa = PBXFileReference; lastKnownFileType = sourcecode.swift; path = Color.swift; sourceTree = "<group>"; };
		2FB2D79A29B59FAB00EA35F4 /* Font+Enum.swift */ = {isa = PBXFileReference; lastKnownFileType = sourcecode.swift; path = "Font+Enum.swift"; sourceTree = "<group>"; };
		2FB2D79F29B5AF1900EA35F4 /* AuthString.swift */ = {isa = PBXFileReference; lastKnownFileType = sourcecode.swift; path = AuthString.swift; sourceTree = "<group>"; };
		2FB2D7A929B5C1FC00EA35F4 /* SignUpViewController.swift */ = {isa = PBXFileReference; lastKnownFileType = sourcecode.swift; path = SignUpViewController.swift; sourceTree = "<group>"; };
		2FB2D7AB29B5C20200EA35F4 /* LoginView.swift */ = {isa = PBXFileReference; lastKnownFileType = sourcecode.swift; path = LoginView.swift; sourceTree = "<group>"; };
		2FB2D7B129B5C69200EA35F4 /* LoginViewModel.swift */ = {isa = PBXFileReference; lastKnownFileType = sourcecode.swift; path = LoginViewModel.swift; sourceTree = "<group>"; };
		2FB2D7BB29B5CA3500EA35F4 /* OnBoardingView.swift */ = {isa = PBXFileReference; lastKnownFileType = sourcecode.swift; path = OnBoardingView.swift; sourceTree = "<group>"; };
		2FB33F0E29D1CC12003B8B2A /* PetsCommandoTarget.swift */ = {isa = PBXFileReference; lastKnownFileType = sourcecode.swift; path = PetsCommandoTarget.swift; sourceTree = "<group>"; };
		2FB33F1529D1D5B1003B8B2A /* EmailDuplicationQuery.swift */ = {isa = PBXFileReference; lastKnownFileType = sourcecode.swift; path = EmailDuplicationQuery.swift; sourceTree = "<group>"; };
		2FB33F1829D1D5F0003B8B2A /* EmailDuplication.swift */ = {isa = PBXFileReference; lastKnownFileType = sourcecode.swift; path = EmailDuplication.swift; sourceTree = "<group>"; };
		2FB33F1B29D2874C003B8B2A /* DuplicationEmailResponseDTO.swift */ = {isa = PBXFileReference; lastKnownFileType = sourcecode.swift; path = DuplicationEmailResponseDTO.swift; sourceTree = "<group>"; };
		2FB34DD129E520880069C71A /* NetworkTest.swift */ = {isa = PBXFileReference; lastKnownFileType = sourcecode.swift; path = NetworkTest.swift; sourceTree = "<group>"; };
		2FB5970329DFFF86006F641F /* CommunityViewController.swift */ = {isa = PBXFileReference; lastKnownFileType = sourcecode.swift; path = CommunityViewController.swift; sourceTree = "<group>"; };
		2FB5970529E00265006F641F /* CommunityAndPetsListViewController.swift */ = {isa = PBXFileReference; lastKnownFileType = sourcecode.swift; path = CommunityAndPetsListViewController.swift; sourceTree = "<group>"; };
		2FB5970A29E00346006F641F /* PetsLostViewController.swift */ = {isa = PBXFileReference; lastKnownFileType = sourcecode.swift; path = PetsLostViewController.swift; sourceTree = "<group>"; };
		2FB5970D29E006C2006F641F /* CommunityAndPetsLostCoordinator.swift */ = {isa = PBXFileReference; lastKnownFileType = sourcecode.swift; path = CommunityAndPetsLostCoordinator.swift; sourceTree = "<group>"; };
		2FB5971029E00709006F641F /* CommunityAndPetsLostViewModel.swift */ = {isa = PBXFileReference; lastKnownFileType = sourcecode.swift; path = CommunityAndPetsLostViewModel.swift; sourceTree = "<group>"; };
		2FB5971429E01015006F641F /* CommunityCollectionViewCell.swift */ = {isa = PBXFileReference; lastKnownFileType = sourcecode.swift; path = CommunityCollectionViewCell.swift; sourceTree = "<group>"; };
		2FB5971929E01F5A006F641F /* PetsLostCollectionViewCell.swift */ = {isa = PBXFileReference; lastKnownFileType = sourcecode.swift; path = PetsLostCollectionViewCell.swift; sourceTree = "<group>"; };
		2FC246DD29D194C700349AEF /* ToastCase.swift */ = {isa = PBXFileReference; lastKnownFileType = sourcecode.swift; path = ToastCase.swift; sourceTree = "<group>"; };
		2FC2EB5029E4034E00ECE2ED /* CommunityDetailViewController.swift */ = {isa = PBXFileReference; lastKnownFileType = sourcecode.swift; path = CommunityDetailViewController.swift; sourceTree = "<group>"; };
		2FC2EB5329E4036600ECE2ED /* CommunityDetailView.swift */ = {isa = PBXFileReference; lastKnownFileType = sourcecode.swift; path = CommunityDetailView.swift; sourceTree = "<group>"; };
		2FC2EB5529E4104100ECE2ED /* IndicatorView.swift */ = {isa = PBXFileReference; lastKnownFileType = sourcecode.swift; path = IndicatorView.swift; sourceTree = "<group>"; };
		2FC572DB29B8402600D21EBA /* HomeViewController.swift */ = {isa = PBXFileReference; lastKnownFileType = sourcecode.swift; path = HomeViewController.swift; sourceTree = "<group>"; };
		2FC572DD29B8403300D21EBA /* HomeViewModel.swift */ = {isa = PBXFileReference; lastKnownFileType = sourcecode.swift; path = HomeViewModel.swift; sourceTree = "<group>"; };
		2FC572E029B8404E00D21EBA /* HomeView.swift */ = {isa = PBXFileReference; lastKnownFileType = sourcecode.swift; path = HomeView.swift; sourceTree = "<group>"; };
		2FC5B27E29CAD43A0032B55C /* .gitignore */ = {isa = PBXFileReference; lastKnownFileType = text; path = .gitignore; sourceTree = "<group>"; };
		2FC5B28029CAD4700032B55C /* APIKey.swift */ = {isa = PBXFileReference; lastKnownFileType = sourcecode.swift; path = APIKey.swift; sourceTree = "<group>"; };
		2FC5B28229CAD7990032B55C /* EndPoint.swift */ = {isa = PBXFileReference; lastKnownFileType = sourcecode.swift; path = EndPoint.swift; sourceTree = "<group>"; };
		2FC5B28529CAE16A0032B55C /* UserRepository.swift */ = {isa = PBXFileReference; lastKnownFileType = sourcecode.swift; path = UserRepository.swift; sourceTree = "<group>"; };
		2FC94ED429C083230097E696 /* HomeString.swift */ = {isa = PBXFileReference; lastKnownFileType = sourcecode.swift; path = HomeString.swift; sourceTree = "<group>"; };
		2FC9CA1229B70307008C502F /* SignUpViewModel.swift */ = {isa = PBXFileReference; lastKnownFileType = sourcecode.swift; path = SignUpViewModel.swift; sourceTree = "<group>"; };
		2FD188AF29DE8A9900996EA9 /* CommunityView.swift */ = {isa = PBXFileReference; lastKnownFileType = sourcecode.swift; path = CommunityView.swift; sourceTree = "<group>"; };
		2FD188B129DE8C3500996EA9 /* CommunityTableViewCell.swift */ = {isa = PBXFileReference; lastKnownFileType = sourcecode.swift; path = CommunityTableViewCell.swift; sourceTree = "<group>"; };
		2FD188B329DE8C7500996EA9 /* BaseTableViewCell.swift */ = {isa = PBXFileReference; lastKnownFileType = sourcecode.swift; path = BaseTableViewCell.swift; sourceTree = "<group>"; };
		2FD188B529DE8DC000996EA9 /* MockListData.swift */ = {isa = PBXFileReference; lastKnownFileType = sourcecode.swift; path = MockListData.swift; sourceTree = "<group>"; };
		2FD188B729DEA57F00996EA9 /* PetsLostView.swift */ = {isa = PBXFileReference; lastKnownFileType = sourcecode.swift; path = PetsLostView.swift; sourceTree = "<group>"; };
		2FD188B929DEA58B00996EA9 /* PetsLostTableViewCell.swift */ = {isa = PBXFileReference; lastKnownFileType = sourcecode.swift; path = PetsLostTableViewCell.swift; sourceTree = "<group>"; };
		2FD3BFFA29B99C0E00096669 /* TabBarCoordinator.swift */ = {isa = PBXFileReference; lastKnownFileType = sourcecode.swift; path = TabBarCoordinator.swift; sourceTree = "<group>"; };
		2FD40B1429C58D0C00BED327 /* TopicViewController.swift */ = {isa = PBXFileReference; lastKnownFileType = sourcecode.swift; path = TopicViewController.swift; sourceTree = "<group>"; };
		2FD40B1629C58DAA00BED327 /* SectionHeaderView.swift */ = {isa = PBXFileReference; lastKnownFileType = sourcecode.swift; path = SectionHeaderView.swift; sourceTree = "<group>"; };
		2FD40B1829C58DDA00BED327 /* TopicView.swift */ = {isa = PBXFileReference; lastKnownFileType = sourcecode.swift; path = TopicView.swift; sourceTree = "<group>"; };
		2FD40B1A29C58E0F00BED327 /* BaseCollectionViewCell.swift */ = {isa = PBXFileReference; lastKnownFileType = sourcecode.swift; path = BaseCollectionViewCell.swift; sourceTree = "<group>"; };
		2FD40B1C29C58EBE00BED327 /* Community.swift */ = {isa = PBXFileReference; lastKnownFileType = sourcecode.swift; path = Community.swift; sourceTree = "<group>"; };
		2FD40B1E29C593B200BED327 /* TopicCell.swift */ = {isa = PBXFileReference; lastKnownFileType = sourcecode.swift; path = TopicCell.swift; sourceTree = "<group>"; };
		2FD85FC229C8252400BE0BCC /* CoordinatorDelegate.swift */ = {isa = PBXFileReference; lastKnownFileType = sourcecode.swift; path = CoordinatorDelegate.swift; sourceTree = "<group>"; };
		2FD85FC429C825A200BE0BCC /* CoordinatorStyleCase.swift */ = {isa = PBXFileReference; lastKnownFileType = sourcecode.swift; path = CoordinatorStyleCase.swift; sourceTree = "<group>"; };
		2FD9067829C947A100CC4225 /* AuthCoordinator.swift */ = {isa = PBXFileReference; lastKnownFileType = sourcecode.swift; path = AuthCoordinator.swift; sourceTree = "<group>"; };
		2FD9067C29C94A0800CC4225 /* OnBoardingViewModel.swift */ = {isa = PBXFileReference; lastKnownFileType = sourcecode.swift; path = OnBoardingViewModel.swift; sourceTree = "<group>"; };
		2FD9067E29C94F0900CC4225 /* TabBarPageCases.swift */ = {isa = PBXFileReference; lastKnownFileType = sourcecode.swift; path = TabBarPageCases.swift; sourceTree = "<group>"; };
		2FD9068029C9519800CC4225 /* UserDefaultKeyCase.swift */ = {isa = PBXFileReference; lastKnownFileType = sourcecode.swift; path = UserDefaultKeyCase.swift; sourceTree = "<group>"; };
		2FD9068329C9521900CC4225 /* HomeCoordinator.swift */ = {isa = PBXFileReference; lastKnownFileType = sourcecode.swift; path = HomeCoordinator.swift; sourceTree = "<group>"; };
		2FDE15CC2990D13C00154A78 /* PetsCommando.app */ = {isa = PBXFileReference; explicitFileType = wrapper.application; includeInIndex = 0; path = PetsCommando.app; sourceTree = BUILT_PRODUCTS_DIR; };
		2FDE15CF2990D13C00154A78 /* AppDelegate.swift */ = {isa = PBXFileReference; lastKnownFileType = sourcecode.swift; path = AppDelegate.swift; sourceTree = "<group>"; };
		2FDE15D12990D13C00154A78 /* SceneDelegate.swift */ = {isa = PBXFileReference; lastKnownFileType = sourcecode.swift; path = SceneDelegate.swift; sourceTree = "<group>"; };
		2FDE15D82990D13D00154A78 /* Assets.xcassets */ = {isa = PBXFileReference; lastKnownFileType = folder.assetcatalog; path = Assets.xcassets; sourceTree = "<group>"; };
		2FDE15DB2990D13D00154A78 /* Base */ = {isa = PBXFileReference; lastKnownFileType = file.storyboard; name = Base; path = Base.lproj/LaunchScreen.storyboard; sourceTree = "<group>"; };
		2FDE15DD2990D13D00154A78 /* Info.plist */ = {isa = PBXFileReference; lastKnownFileType = text.plist.xml; path = Info.plist; sourceTree = "<group>"; };
		2FDE15E92990D2EC00154A78 /* NetworkMonitor.swift */ = {isa = PBXFileReference; lastKnownFileType = sourcecode.swift; path = NetworkMonitor.swift; sourceTree = "<group>"; };
		2FDE15EC2990D32C00154A78 /* Router.swift */ = {isa = PBXFileReference; lastKnownFileType = sourcecode.swift; path = Router.swift; sourceTree = "<group>"; };
		2FDE15F72990DB0E00154A78 /* RealmModel.swift */ = {isa = PBXFileReference; lastKnownFileType = sourcecode.swift; path = RealmModel.swift; sourceTree = "<group>"; };
		2FDE15F92990DB1B00154A78 /* Repository.swift */ = {isa = PBXFileReference; lastKnownFileType = sourcecode.swift; path = Repository.swift; sourceTree = "<group>"; };
		2FDE15FF2990DB6400154A78 /* ViewModelType.swift */ = {isa = PBXFileReference; lastKnownFileType = sourcecode.swift; path = ViewModelType.swift; sourceTree = "<group>"; };
		2FDE16062990DDBF00154A78 /* BaseView.swift */ = {isa = PBXFileReference; lastKnownFileType = sourcecode.swift; path = BaseView.swift; sourceTree = "<group>"; };
		2FDE16082990DDCA00154A78 /* BaseViewController.swift */ = {isa = PBXFileReference; lastKnownFileType = sourcecode.swift; path = BaseViewController.swift; sourceTree = "<group>"; };
		2FFA534329DAC7750065F624 /* CircleButton.swift */ = {isa = PBXFileReference; lastKnownFileType = sourcecode.swift; path = CircleButton.swift; sourceTree = "<group>"; };
		2FFA534529DAC7890065F624 /* DefaultButton.swift */ = {isa = PBXFileReference; lastKnownFileType = sourcecode.swift; path = DefaultButton.swift; sourceTree = "<group>"; };
		2FFA534729DAC7F80065F624 /* ButtonStatus.swift */ = {isa = PBXFileReference; lastKnownFileType = sourcecode.swift; path = ButtonStatus.swift; sourceTree = "<group>"; };
		2FFA534929DACA8F0065F624 /* UIView+.swift */ = {isa = PBXFileReference; lastKnownFileType = sourcecode.swift; path = "UIView+.swift"; sourceTree = "<group>"; };
/* End PBXFileReference section */

/* Begin PBXFrameworksBuildPhase section */
		2FDE15C92990D13C00154A78 /* Frameworks */ = {
			isa = PBXFrameworksBuildPhase;
			buildActionMask = 2147483647;
			files = (
				2F0677BE29CF1DE200687848 /* Toast in Frameworks */,
				2F64A90829B3281C00BC11B9 /* SnapKit in Frameworks */,
				2FAB65AF29B310570022B609 /* RxSwift in Frameworks */,
				2FC2EB5929E4105900ECE2ED /* Then in Frameworks */,
				2FC246DB29D1945100349AEF /* Moya in Frameworks */,
				2FAB65AD29B310570022B609 /* RxCocoa in Frameworks */,
				2FB5970929E0028A006F641F /* Tabman in Frameworks */,
			);
			runOnlyForDeploymentPostprocessing = 0;
		};
/* End PBXFrameworksBuildPhase section */

/* Begin PBXGroup section */
		2F06779929CEA51400687848 /* Email */ = {
			isa = PBXGroup;
			children = (
				2F06779D29CEA54900687848 /* ViewModel */,
				2F06779C29CEA54600687848 /* View */,
			);
			path = Email;
			sourceTree = "<group>";
		};
		2F06779A29CEA52000687848 /* Nickname */ = {
			isa = PBXGroup;
			children = (
				2F0677AB29CEBE5900687848 /* ViewModel */,
				2F0677AA29CEBE5700687848 /* View */,
			);
			path = Nickname;
			sourceTree = "<group>";
		};
		2F06779B29CEA52A00687848 /* Password */ = {
			isa = PBXGroup;
			children = (
				2F0677B229CF0BB500687848 /* ViewModel */,
				2F0677B329CF0BC600687848 /* View */,
			);
			path = Password;
			sourceTree = "<group>";
		};
		2F06779C29CEA54600687848 /* View */ = {
			isa = PBXGroup;
			children = (
				2F0677A429CEA56900687848 /* EmailViewController.swift */,
				2F0677A729CEA57800687848 /* EmailView.swift */,
			);
			path = View;
			sourceTree = "<group>";
		};
		2F06779D29CEA54900687848 /* ViewModel */ = {
			isa = PBXGroup;
			children = (
				2F0677A229CEA56000687848 /* EmailViewModel.swift */,
				2FB34DD129E520880069C71A /* NetworkTest.swift */,
			);
			path = ViewModel;
			sourceTree = "<group>";
		};
		2F0677AA29CEBE5700687848 /* View */ = {
			isa = PBXGroup;
			children = (
				2F0677AC29CEBE6300687848 /* NicknameView.swift */,
				2F0677AE29CEBE6C00687848 /* NicknameViewController.swift */,
			);
			path = View;
			sourceTree = "<group>";
		};
		2F0677AB29CEBE5900687848 /* ViewModel */ = {
			isa = PBXGroup;
			children = (
				2F0677B029CEBE7500687848 /* NicknameViewModel.swift */,
			);
			path = ViewModel;
			sourceTree = "<group>";
		};
		2F0677B229CF0BB500687848 /* ViewModel */ = {
			isa = PBXGroup;
			children = (
				2F0677B429CF0BD500687848 /* PasswordViewModel.swift */,
			);
			path = ViewModel;
			sourceTree = "<group>";
		};
		2F0677B329CF0BC600687848 /* View */ = {
			isa = PBXGroup;
			children = (
				2F0677B629CF0BDD00687848 /* PasswordViewController.swift */,
				2F0677B829CF0BE300687848 /* PasswordView.swift */,
			);
			path = View;
			sourceTree = "<group>";
		};
		2F5FA8C729BDA62300123AAC /* Asset */ = {
			isa = PBXGroup;
			children = (
				2FDE15D82990D13D00154A78 /* Assets.xcassets */,
			);
			path = Asset;
			sourceTree = "<group>";
		};
		2F5FA8CA29BDA88F00123AAC /* Image */ = {
			isa = PBXGroup;
			children = (
				2F5FA8CB29BDA89800123AAC /* Image + Enum.swift */,
			);
			path = Image;
			sourceTree = "<group>";
		};
		2F64A8F229B3198300BC11B9 /* Coordinator */ = {
			isa = PBXGroup;
			children = (
				2FD85FC129C8250A00BE0BCC /* Protocol */,
				2F64A8F429B319F800BC11B9 /* Coordinator.swift */,
				2F64A8FB29B31AED00BC11B9 /* AppCoordinator.swift */,
			);
			path = Coordinator;
			sourceTree = "<group>";
		};
		2F64A8FD29B31CC800BC11B9 /* OnBoarding */ = {
			isa = PBXGroup;
			children = (
				2FD9067B29C949F500CC4225 /* ViewModel */,
				2FB2D7B929B5C9F300EA35F4 /* View */,
			);
			path = OnBoarding;
			sourceTree = "<group>";
		};
		2F64A90929B3352500BC11B9 /* Font */ = {
			isa = PBXGroup;
			children = (
				2F64A90B29B3359600BC11B9 /* 강원교육모두 Bold.otf */,
				2F64A90A29B3359600BC11B9 /* 강원교육모두 Light.otf */,
			);
			path = Font;
			sourceTree = "<group>";
		};
		2F64A90E29B33A1900BC11B9 /* Custom */ = {
			isa = PBXGroup;
			children = (
				2F64A90F29B33A2C00BC11B9 /* LineTextFieldView.swift */,
				2FD40B1629C58DAA00BED327 /* SectionHeaderView.swift */,
			);
			path = Custom;
			sourceTree = "<group>";
		};
		2F863F2D29CAB47D00755FFC /* DTO */ = {
			isa = PBXGroup;
			children = (
				2F863F3029CAB49700755FFC /* AuthDTO.swift */,
			);
			path = DTO;
			sourceTree = "<group>";
		};
		2FAB65A529B30E090022B609 /* Auth */ = {
			isa = PBXGroup;
			children = (
				2FFA534229DAC75B0065F624 /* CustomView */,
				2FD9067729C9479700CC4225 /* Coordinator */,
				2F64A8FD29B31CC800BC11B9 /* OnBoarding */,
				2FAB65A729B30E570022B609 /* Login */,
				2FAB65A629B30E280022B609 /* SignUp */,
			);
			path = Auth;
			sourceTree = "<group>";
		};
		2FAB65A629B30E280022B609 /* SignUp */ = {
			isa = PBXGroup;
			children = (
				2F06779929CEA51400687848 /* Email */,
				2F06779A29CEA52000687848 /* Nickname */,
				2F06779B29CEA52A00687848 /* Password */,
				2FC9CA1129B702F4008C502F /* ViewModel */,
				2FB2D7A529B5C1D500EA35F4 /* View */,
			);
			path = SignUp;
			sourceTree = "<group>";
		};
		2FAB65A729B30E570022B609 /* Login */ = {
			isa = PBXGroup;
			children = (
				2FB2D7AF29B5C67100EA35F4 /* ViewModel */,
				2FAB65A829B30E630022B609 /* View */,
			);
			path = Login;
			sourceTree = "<group>";
		};
		2FAB65A829B30E630022B609 /* View */ = {
			isa = PBXGroup;
			children = (
				2FAB65A929B30E6C0022B609 /* LoginViewController.swift */,
				2FB2D7AB29B5C20200EA35F4 /* LoginView.swift */,
			);
			path = View;
			sourceTree = "<group>";
		};
		2FAB65B029B312720022B609 /* Constants */ = {
			isa = PBXGroup;
			children = (
				2FAB65B129B3127D0022B609 /* Color.swift */,
				2F64A8F029B3171800BC11B9 /* Font.swift */,
				2FD85FC429C825A200BE0BCC /* CoordinatorStyleCase.swift */,
				2FD9067E29C94F0900CC4225 /* TabBarPageCases.swift */,
				2FD9068029C9519800CC4225 /* UserDefaultKeyCase.swift */,
				2FFA534729DAC7F80065F624 /* ButtonStatus.swift */,
			);
			path = Constants;
			sourceTree = "<group>";
		};
		2FB2D79929B59F9F00EA35F4 /* Enum */ = {
			isa = PBXGroup;
			children = (
				2FB2D7A129B5C14B00EA35F4 /* Font */,
				2F5FA8CA29BDA88F00123AAC /* Image */,
				2FB2D79C29B5AE3A00EA35F4 /* String+Enum */,
			);
			path = Enum;
			sourceTree = "<group>";
		};
		2FB2D79C29B5AE3A00EA35F4 /* String+Enum */ = {
			isa = PBXGroup;
			children = (
				2FC94ED329C082FC0097E696 /* Home */,
				2FB2D79D29B5AE4600EA35F4 /* Auth */,
			);
			path = "String+Enum";
			sourceTree = "<group>";
		};
		2FB2D79D29B5AE4600EA35F4 /* Auth */ = {
			isa = PBXGroup;
			children = (
				2FB2D79F29B5AF1900EA35F4 /* AuthString.swift */,
			);
			path = Auth;
			sourceTree = "<group>";
		};
		2FB2D7A129B5C14B00EA35F4 /* Font */ = {
			isa = PBXGroup;
			children = (
				2FB2D79A29B59FAB00EA35F4 /* Font+Enum.swift */,
			);
			path = Font;
			sourceTree = "<group>";
		};
		2FB2D7A529B5C1D500EA35F4 /* View */ = {
			isa = PBXGroup;
			children = (
				2FB2D7A929B5C1FC00EA35F4 /* SignUpViewController.swift */,
				2F64A91729B34AE900BC11B9 /* SignUpView.swift */,
			);
			path = View;
			sourceTree = "<group>";
		};
		2FB2D7AF29B5C67100EA35F4 /* ViewModel */ = {
			isa = PBXGroup;
			children = (
				2FB2D7B129B5C69200EA35F4 /* LoginViewModel.swift */,
			);
			path = ViewModel;
			sourceTree = "<group>";
		};
		2FB2D7B929B5C9F300EA35F4 /* View */ = {
			isa = PBXGroup;
			children = (
				2F64A90029B31CFE00BC11B9 /* OnBoardingViewController.swift */,
				2FB2D7BB29B5CA3500EA35F4 /* OnBoardingView.swift */,
			);
			path = View;
			sourceTree = "<group>";
		};
		2FB33F1029D1D571003B8B2A /* Model */ = {
			isa = PBXGroup;
			children = (
				2FB33F1429D1D58A003B8B2A /* Request */,
				2FB33F1329D1D585003B8B2A /* Response */,
			);
			path = Model;
			sourceTree = "<group>";
		};
		2FB33F1329D1D585003B8B2A /* Response */ = {
			isa = PBXGroup;
			children = (
				2FB33F1829D1D5F0003B8B2A /* EmailDuplication.swift */,
			);
			path = Response;
			sourceTree = "<group>";
		};
		2FB33F1429D1D58A003B8B2A /* Request */ = {
			isa = PBXGroup;
			children = (
				2FB33F1529D1D5B1003B8B2A /* EmailDuplicationQuery.swift */,
			);
			path = Request;
			sourceTree = "<group>";
		};
		2FB33F1A29D2872D003B8B2A /* ResponseDTO */ = {
			isa = PBXGroup;
			children = (
				2FB33F1B29D2874C003B8B2A /* DuplicationEmailResponseDTO.swift */,
			);
			path = ResponseDTO;
			sourceTree = "<group>";
		};
		2FB5970229DFFF72006F641F /* CommunityAndPetsLost */ = {
			isa = PBXGroup;
			children = (
				2FB5971629E01DF8006F641F /* PetsLost */,
				2FB5971329E00C5B006F641F /* Community */,
				2FB5971229E00B2A006F641F /* View */,
				2FB5970F29E006FA006F641F /* ViewModel */,
				2FB5970C29E006B0006F641F /* Coordinator */,
			);
			path = CommunityAndPetsLost;
			sourceTree = "<group>";
		};
		2FB5970C29E006B0006F641F /* Coordinator */ = {
			isa = PBXGroup;
			children = (
				2FB5970D29E006C2006F641F /* CommunityAndPetsLostCoordinator.swift */,
			);
			path = Coordinator;
			sourceTree = "<group>";
		};
		2FB5970F29E006FA006F641F /* ViewModel */ = {
			isa = PBXGroup;
			children = (
				2FB5971029E00709006F641F /* CommunityAndPetsLostViewModel.swift */,
			);
			path = ViewModel;
			sourceTree = "<group>";
		};
		2FB5971229E00B2A006F641F /* View */ = {
			isa = PBXGroup;
			children = (
				2FB5970529E00265006F641F /* CommunityAndPetsListViewController.swift */,
			);
			path = View;
			sourceTree = "<group>";
		};
		2FB5971329E00C5B006F641F /* Community */ = {
			isa = PBXGroup;
			children = (
				2FB5971729E01E0D006F641F /* View */,
			);
			path = Community;
			sourceTree = "<group>";
		};
		2FB5971629E01DF8006F641F /* PetsLost */ = {
			isa = PBXGroup;
			children = (
				2FB5971829E01E1A006F641F /* View */,
			);
			path = PetsLost;
			sourceTree = "<group>";
		};
		2FB5971729E01E0D006F641F /* View */ = {
			isa = PBXGroup;
			children = (
				2FB5970329DFFF86006F641F /* CommunityViewController.swift */,
				2FD188AF29DE8A9900996EA9 /* CommunityView.swift */,
				2FB5971429E01015006F641F /* CommunityCollectionViewCell.swift */,
			);
			path = View;
			sourceTree = "<group>";
		};
		2FB5971829E01E1A006F641F /* View */ = {
			isa = PBXGroup;
			children = (
				2FB5970A29E00346006F641F /* PetsLostViewController.swift */,
				2FD188B729DEA57F00996EA9 /* PetsLostView.swift */,
				2FB5971929E01F5A006F641F /* PetsLostCollectionViewCell.swift */,
			);
			path = View;
			sourceTree = "<group>";
		};
		2FC246DC29D194BC00349AEF /* Error */ = {
			isa = PBXGroup;
			children = (
				2FC246DD29D194C700349AEF /* ToastCase.swift */,
			);
			path = Error;
			sourceTree = "<group>";
		};
		2FC2EB4F29E4033200ECE2ED /* CommunityDetailViewController */ = {
			isa = PBXGroup;
			children = (
				2FC2EB5229E4035100ECE2ED /* View */,
			);
			path = CommunityDetailViewController;
			sourceTree = "<group>";
		};
		2FC2EB5229E4035100ECE2ED /* View */ = {
			isa = PBXGroup;
			children = (
				2FC2EB5029E4034E00ECE2ED /* CommunityDetailViewController.swift */,
				2FC2EB5329E4036600ECE2ED /* CommunityDetailView.swift */,
				2FC2EB5529E4104100ECE2ED /* IndicatorView.swift */,
			);
			path = View;
			sourceTree = "<group>";
		};
		2FC572D329B83C0800D21EBA /* TabBar */ = {
			isa = PBXGroup;
			children = (
				2FD9067A29C9495200CC4225 /* Coordinator */,
				2FC94EDC29C08CD60097E696 /* TabMan */,
				2FD4105329B763570003C7C9 /* Home */,
			);
			path = TabBar;
			sourceTree = "<group>";
		};
		2FC572D929B83CC300D21EBA /* View */ = {
			isa = PBXGroup;
			children = (
				2FC572DB29B8402600D21EBA /* HomeViewController.swift */,
				2FC572E029B8404E00D21EBA /* HomeView.swift */,
				2FD40B1429C58D0C00BED327 /* TopicViewController.swift */,
				2FD40B1829C58DDA00BED327 /* TopicView.swift */,
				2FD40B1E29C593B200BED327 /* TopicCell.swift */,
				2FD188B129DE8C3500996EA9 /* CommunityTableViewCell.swift */,
				2FD188B929DEA58B00996EA9 /* PetsLostTableViewCell.swift */,
			);
			path = View;
			sourceTree = "<group>";
		};
		2FC572DA29B83CC500D21EBA /* ViewModel */ = {
			isa = PBXGroup;
			children = (
				2FC572DD29B8403300D21EBA /* HomeViewModel.swift */,
			);
			path = ViewModel;
			sourceTree = "<group>";
		};
		2FC94ED329C082FC0097E696 /* Home */ = {
			isa = PBXGroup;
			children = (
				2FC94ED429C083230097E696 /* HomeString.swift */,
			);
			path = Home;
			sourceTree = "<group>";
		};
		2FC94EDC29C08CD60097E696 /* TabMan */ = {
			isa = PBXGroup;
			children = (
				2F4B1CDD29C191A500B999AB /* TabCell.swift */,
			);
			path = TabMan;
			sourceTree = "<group>";
		};
		2FC9CA1129B702F4008C502F /* ViewModel */ = {
			isa = PBXGroup;
			children = (
				2FC9CA1229B70307008C502F /* SignUpViewModel.swift */,
			);
			path = ViewModel;
			sourceTree = "<group>";
		};
		2FD4105329B763570003C7C9 /* Home */ = {
			isa = PBXGroup;
			children = (
				2FC2EB4F29E4033200ECE2ED /* CommunityDetailViewController */,
				2FD9068229C951FA00CC4225 /* Coordinator */,
				2FB5970229DFFF72006F641F /* CommunityAndPetsLost */,
				2FC572DA29B83CC500D21EBA /* ViewModel */,
				2FC572D929B83CC300D21EBA /* View */,
			);
			path = Home;
			sourceTree = "<group>";
		};
		2FD85FC129C8250A00BE0BCC /* Protocol */ = {
			isa = PBXGroup;
			children = (
				2FD85FC229C8252400BE0BCC /* CoordinatorDelegate.swift */,
			);
			path = Protocol;
			sourceTree = "<group>";
		};
		2FD85FC629C82B5E00BE0BCC /* Data */ = {
			isa = PBXGroup;
			children = (
				2FDE15E72990D2B300154A78 /* Network */,
				2FDE15F52990DAFF00154A78 /* RealmDataStorage */,
				2FD85FC729C8303600BE0BCC /* RepositoryImpl */,
			);
			path = Data;
			sourceTree = "<group>";
		};
		2FD85FC729C8303600BE0BCC /* RepositoryImpl */ = {
			isa = PBXGroup;
			children = (
				2FC5B28529CAE16A0032B55C /* UserRepository.swift */,
				2F0677C129CF1FDE00687848 /* PetsCommandoRepository.swift */,
			);
			path = RepositoryImpl;
			sourceTree = "<group>";
		};
		2FD85FC829C8305D00BE0BCC /* Domain */ = {
			isa = PBXGroup;
			children = (
				2FB33F1029D1D571003B8B2A /* Model */,
				2FD85FCB29C8309800BE0BCC /* Entities */,
				2FD85FCA29C8309000BE0BCC /* UseCases */,
				2FD85FC929C8308800BE0BCC /* Interfaces */,
			);
			path = Domain;
			sourceTree = "<group>";
		};
		2FD85FC929C8308800BE0BCC /* Interfaces */ = {
			isa = PBXGroup;
			children = (
				2F863F3629CAB97600755FFC /* UserRepositoryType.swift */,
				2F0677BA29CF159500687848 /* PetsCommandoRepositoryType.swift */,
			);
			path = Interfaces;
			sourceTree = "<group>";
		};
		2FD85FCA29C8309000BE0BCC /* UseCases */ = {
			isa = PBXGroup;
			children = (
				2F863F3429CAB82900755FFC /* CertificationUseCase.swift */,
			);
			path = UseCases;
			sourceTree = "<group>";
		};
		2FD85FCB29C8309800BE0BCC /* Entities */ = {
			isa = PBXGroup;
			children = (
			);
			path = Entities;
			sourceTree = "<group>";
		};
		2FD9067729C9479700CC4225 /* Coordinator */ = {
			isa = PBXGroup;
			children = (
				2FD9067829C947A100CC4225 /* AuthCoordinator.swift */,
			);
			path = Coordinator;
			sourceTree = "<group>";
		};
		2FD9067A29C9495200CC4225 /* Coordinator */ = {
			isa = PBXGroup;
			children = (
				2FD3BFFA29B99C0E00096669 /* TabBarCoordinator.swift */,
			);
			path = Coordinator;
			sourceTree = "<group>";
		};
		2FD9067B29C949F500CC4225 /* ViewModel */ = {
			isa = PBXGroup;
			children = (
				2FD9067C29C94A0800CC4225 /* OnBoardingViewModel.swift */,
			);
			path = ViewModel;
			sourceTree = "<group>";
		};
		2FD9068229C951FA00CC4225 /* Coordinator */ = {
			isa = PBXGroup;
			children = (
				2FD9068329C9521900CC4225 /* HomeCoordinator.swift */,
			);
			path = Coordinator;
			sourceTree = "<group>";
		};
		2FDE15C32990D13C00154A78 = {
			isa = PBXGroup;
			children = (
				2FC5B27E29CAD43A0032B55C /* .gitignore */,
				2FDE15CE2990D13C00154A78 /* PetsCommando */,
				2FDE15CD2990D13C00154A78 /* Products */,
			);
			sourceTree = "<group>";
		};
		2FDE15CD2990D13C00154A78 /* Products */ = {
			isa = PBXGroup;
			children = (
				2FDE15CC2990D13C00154A78 /* PetsCommando.app */,
			);
			name = Products;
			sourceTree = "<group>";
		};
		2FDE15CE2990D13C00154A78 /* PetsCommando */ = {
			isa = PBXGroup;
			children = (
				2FDE15E32990D21500154A78 /* Sources */,
				2FDE15E42990D22700154A78 /* Resources */,
				2FDE15E52990D26600154A78 /* Supportings */,
			);
			path = PetsCommando;
			sourceTree = "<group>";
		};
		2FDE15E32990D21500154A78 /* Sources */ = {
			isa = PBXGroup;
			children = (
				2FDE15E62990D28100154A78 /* Application */,
				2FDE15FC2990DB3800154A78 /* Presents */,
				2FD85FC629C82B5E00BE0BCC /* Data */,
				2FD85FC829C8305D00BE0BCC /* Domain */,
				2FDE16012990DD8200154A78 /* Utills */,
			);
			path = Sources;
			sourceTree = "<group>";
		};
		2FDE15E42990D22700154A78 /* Resources */ = {
			isa = PBXGroup;
			children = (
				2F5FA8C729BDA62300123AAC /* Asset */,
				2F64A90929B3352500BC11B9 /* Font */,
				2FDE15DA2990D13D00154A78 /* LaunchScreen.storyboard */,
			);
			path = Resources;
			sourceTree = "<group>";
		};
		2FDE15E52990D26600154A78 /* Supportings */ = {
			isa = PBXGroup;
			children = (
				2FDE15DD2990D13D00154A78 /* Info.plist */,
			);
			path = Supportings;
			sourceTree = "<group>";
		};
		2FDE15E62990D28100154A78 /* Application */ = {
			isa = PBXGroup;
			children = (
				2F64A8F229B3198300BC11B9 /* Coordinator */,
				2FDE15CF2990D13C00154A78 /* AppDelegate.swift */,
				2FDE15D12990D13C00154A78 /* SceneDelegate.swift */,
			);
			path = Application;
			sourceTree = "<group>";
		};
		2FDE15E72990D2B300154A78 /* Network */ = {
			isa = PBXGroup;
			children = (
				2FDE15F42990DAD300154A78 /* API */,
				2FDE15EB2990D31D00154A78 /* Service */,
				2FDE15E82990D2D900154A78 /* Monitor */,
			);
			path = Network;
			sourceTree = "<group>";
		};
		2FDE15E82990D2D900154A78 /* Monitor */ = {
			isa = PBXGroup;
			children = (
				2FDE15E92990D2EC00154A78 /* NetworkMonitor.swift */,
			);
			path = Monitor;
			sourceTree = "<group>";
		};
		2FDE15EB2990D31D00154A78 /* Service */ = {
			isa = PBXGroup;
			children = (
				2FB33F1A29D2872D003B8B2A /* ResponseDTO */,
				2F863F2D29CAB47D00755FFC /* DTO */,
				2FDE15EC2990D32C00154A78 /* Router.swift */,
				2F863F2729CAB22900755FFC /* HTTPMethod.swift */,
				2F863F2929CAB26A00755FFC /* TargetType.swift */,
				2F863F2B29CAB3F800755FFC /* NetworkError.swift */,
				2F863F3229CAB77100755FFC /* PetsCommandoService.swift */,
				2FC5B28029CAD4700032B55C /* APIKey.swift */,
				2FC5B28229CAD7990032B55C /* EndPoint.swift */,
				2FB33F0E29D1CC12003B8B2A /* PetsCommandoTarget.swift */,
			);
			path = Service;
			sourceTree = "<group>";
		};
		2FDE15F42990DAD300154A78 /* API */ = {
			isa = PBXGroup;
			children = (
			);
			path = API;
			sourceTree = "<group>";
		};
		2FDE15F52990DAFF00154A78 /* RealmDataStorage */ = {
			isa = PBXGroup;
			children = (
				2FDE15F62990DB0500154A78 /* Realm */,
				2FD40B1C29C58EBE00BED327 /* Community.swift */,
				2FD188B529DE8DC000996EA9 /* MockListData.swift */,
			);
			path = RealmDataStorage;
			sourceTree = "<group>";
		};
		2FDE15F62990DB0500154A78 /* Realm */ = {
			isa = PBXGroup;
			children = (
				2FDE15F72990DB0E00154A78 /* RealmModel.swift */,
				2FDE15F92990DB1B00154A78 /* Repository.swift */,
			);
			path = Realm;
			sourceTree = "<group>";
		};
		2FDE15FC2990DB3800154A78 /* Presents */ = {
			isa = PBXGroup;
			children = (
				2FC572D329B83C0800D21EBA /* TabBar */,
				2FAB65A529B30E090022B609 /* Auth */,
			);
			path = Presents;
			sourceTree = "<group>";
		};
		2FDE15FD2990DB5500154A78 /* Protocol */ = {
			isa = PBXGroup;
			children = (
				2FDE15FE2990DB5900154A78 /* ViewModel */,
			);
			path = Protocol;
			sourceTree = "<group>";
		};
		2FDE15FE2990DB5900154A78 /* ViewModel */ = {
			isa = PBXGroup;
			children = (
				2FDE15FF2990DB6400154A78 /* ViewModelType.swift */,
			);
			path = ViewModel;
			sourceTree = "<group>";
		};
		2FDE16012990DD8200154A78 /* Utills */ = {
			isa = PBXGroup;
			children = (
				2FDE16022990DD8800154A78 /* Base */,
				2FDE15FD2990DB5500154A78 /* Protocol */,
				2FB2D79929B59F9F00EA35F4 /* Enum */,
				2F64A90E29B33A1900BC11B9 /* Custom */,
				2FAB65B029B312720022B609 /* Constants */,
				2FDE16052990DDA400154A78 /* Extension */,
				2FC246DC29D194BC00349AEF /* Error */,
			);
			path = Utills;
			sourceTree = "<group>";
		};
		2FDE16022990DD8800154A78 /* Base */ = {
			isa = PBXGroup;
			children = (
				2FDE16062990DDBF00154A78 /* BaseView.swift */,
				2FDE16082990DDCA00154A78 /* BaseViewController.swift */,
				2FD40B1A29C58E0F00BED327 /* BaseCollectionViewCell.swift */,
				2FD188B329DE8C7500996EA9 /* BaseTableViewCell.swift */,
			);
			path = Base;
			sourceTree = "<group>";
		};
		2FDE16052990DDA400154A78 /* Extension */ = {
			isa = PBXGroup;
			children = (
				2F64A91129B33A5F00BC11B9 /* UITextField+Extension.swift */,
				2F0677BF29CF1E1600687848 /* UIViewController+Extension.swift */,
				2FFA534929DACA8F0065F624 /* UIView+.swift */,
			);
			path = Extension;
			sourceTree = "<group>";
		};
		2FFA534229DAC75B0065F624 /* CustomView */ = {
			isa = PBXGroup;
			children = (
				2FFA534329DAC7750065F624 /* CircleButton.swift */,
				2FFA534529DAC7890065F624 /* DefaultButton.swift */,
			);
			path = CustomView;
			sourceTree = "<group>";
		};
/* End PBXGroup section */

/* Begin PBXNativeTarget section */
		2FDE15CB2990D13C00154A78 /* PetsCommando */ = {
			isa = PBXNativeTarget;
			buildConfigurationList = 2FDE15E02990D13D00154A78 /* Build configuration list for PBXNativeTarget "PetsCommando" */;
			buildPhases = (
				2FDE15C82990D13C00154A78 /* Sources */,
				2FDE15C92990D13C00154A78 /* Frameworks */,
				2FDE15CA2990D13C00154A78 /* Resources */,
			);
			buildRules = (
			);
			dependencies = (
			);
			name = PetsCommando;
			packageProductDependencies = (
				2FAB65AC29B310570022B609 /* RxCocoa */,
				2FAB65AE29B310570022B609 /* RxSwift */,
				2F64A90729B3281C00BC11B9 /* SnapKit */,
				2F0677BD29CF1DE200687848 /* Toast */,
				2FC246DA29D1945100349AEF /* Moya */,
				2FB5970829E0028A006F641F /* Tabman */,
				2FC2EB5829E4105900ECE2ED /* Then */,
			);
			productName = PetsCommando;
			productReference = 2FDE15CC2990D13C00154A78 /* PetsCommando.app */;
			productType = "com.apple.product-type.application";
		};
/* End PBXNativeTarget section */

/* Begin PBXProject section */
		2FDE15C42990D13C00154A78 /* Project object */ = {
			isa = PBXProject;
			attributes = {
				BuildIndependentTargetsInParallel = 1;
				LastSwiftUpdateCheck = 1400;
				LastUpgradeCheck = 1400;
				TargetAttributes = {
					2FDE15CB2990D13C00154A78 = {
						CreatedOnToolsVersion = 14.0;
					};
				};
			};
			buildConfigurationList = 2FDE15C72990D13C00154A78 /* Build configuration list for PBXProject "PetsCommando" */;
			compatibilityVersion = "Xcode 14.0";
			developmentRegion = en;
			hasScannedForEncodings = 0;
			knownRegions = (
				en,
				Base,
			);
			mainGroup = 2FDE15C32990D13C00154A78;
			packageReferences = (
				2FAB65AB29B310570022B609 /* XCRemoteSwiftPackageReference "RxSwift" */,
				2F64A90629B3281C00BC11B9 /* XCRemoteSwiftPackageReference "SnapKit" */,
				2F0677BC29CF1DE200687848 /* XCRemoteSwiftPackageReference "Toast-Swift" */,
				2FC246D929D1945100349AEF /* XCRemoteSwiftPackageReference "Moya" */,
				2FB5970729E0028A006F641F /* XCRemoteSwiftPackageReference "Tabman" */,
				2FC2EB5729E4105900ECE2ED /* XCRemoteSwiftPackageReference "Then" */,
			);
			productRefGroup = 2FDE15CD2990D13C00154A78 /* Products */;
			projectDirPath = "";
			projectRoot = "";
			targets = (
				2FDE15CB2990D13C00154A78 /* PetsCommando */,
			);
		};
/* End PBXProject section */

/* Begin PBXResourcesBuildPhase section */
		2FDE15CA2990D13C00154A78 /* Resources */ = {
			isa = PBXResourcesBuildPhase;
			buildActionMask = 2147483647;
			files = (
				2FC5B27F29CAD43A0032B55C /* .gitignore in Resources */,
				2F64A90D29B3359600BC11B9 /* 강원교육모두 Bold.otf in Resources */,
				2FDE15DC2990D13D00154A78 /* LaunchScreen.storyboard in Resources */,
				2FDE15D92990D13D00154A78 /* Assets.xcassets in Resources */,
				2F64A90C29B3359600BC11B9 /* 강원교육모두 Light.otf in Resources */,
			);
			runOnlyForDeploymentPostprocessing = 0;
		};
/* End PBXResourcesBuildPhase section */

/* Begin PBXSourcesBuildPhase section */
		2FDE15C82990D13C00154A78 /* Sources */ = {
			isa = PBXSourcesBuildPhase;
			buildActionMask = 2147483647;
			files = (
				2FFA534A29DACA8F0065F624 /* UIView+.swift in Sources */,
				2FD188BA29DEA58B00996EA9 /* PetsLostTableViewCell.swift in Sources */,
				2FD188B629DE8DC000996EA9 /* MockListData.swift in Sources */,
				2F64A8F529B319F800BC11B9 /* Coordinator.swift in Sources */,
				2FB33F1629D1D5B1003B8B2A /* EmailDuplicationQuery.swift in Sources */,
				2F863F2C29CAB3F800755FFC /* NetworkError.swift in Sources */,
				2F0677C029CF1E1600687848 /* UIViewController+Extension.swift in Sources */,
				2FDE15ED2990D32C00154A78 /* Router.swift in Sources */,
				2F863F3729CAB97600755FFC /* UserRepositoryType.swift in Sources */,
				2FB5970E29E006C2006F641F /* CommunityAndPetsLostCoordinator.swift in Sources */,
				2F0677AF29CEBE6C00687848 /* NicknameViewController.swift in Sources */,
				2FD188B429DE8C7500996EA9 /* BaseTableViewCell.swift in Sources */,
				2F4B1CDE29C191A500B999AB /* TabCell.swift in Sources */,
				2FD40B1729C58DAA00BED327 /* SectionHeaderView.swift in Sources */,
				2FD188B229DE8C3500996EA9 /* CommunityTableViewCell.swift in Sources */,
				2FB33F0F29D1CC12003B8B2A /* PetsCommandoTarget.swift in Sources */,
				2FB34DD229E520880069C71A /* NetworkTest.swift in Sources */,
				2FB2D7A029B5AF1900EA35F4 /* AuthString.swift in Sources */,
				2F5FA8CC29BDA89800123AAC /* Image + Enum.swift in Sources */,
				2FD188B829DEA57F00996EA9 /* PetsLostView.swift in Sources */,
				2FDE15D02990D13C00154A78 /* AppDelegate.swift in Sources */,
				2FB5970629E00265006F641F /* CommunityAndPetsListViewController.swift in Sources */,
				2FC2EB5429E4036600ECE2ED /* CommunityDetailView.swift in Sources */,
				2FC5B28329CAD7990032B55C /* EndPoint.swift in Sources */,
				2FD9067D29C94A0800CC4225 /* OnBoardingViewModel.swift in Sources */,
				2F64A8F129B3171800BC11B9 /* Font.swift in Sources */,
				2FC572DC29B8402600D21EBA /* HomeViewController.swift in Sources */,
				2FDE15EA2990D2EC00154A78 /* NetworkMonitor.swift in Sources */,
				2FDE15D22990D13C00154A78 /* SceneDelegate.swift in Sources */,
				2FC246DE29D194C700349AEF /* ToastCase.swift in Sources */,
				2FDE16092990DDCA00154A78 /* BaseViewController.swift in Sources */,
				2FC2EB5629E4104100ECE2ED /* IndicatorView.swift in Sources */,
				2F64A91029B33A2C00BC11B9 /* LineTextFieldView.swift in Sources */,
				2FD9067F29C94F0900CC4225 /* TabBarPageCases.swift in Sources */,
				2F0677B129CEBE7500687848 /* NicknameViewModel.swift in Sources */,
				2F0677A529CEA56900687848 /* EmailViewController.swift in Sources */,
				2FDE15F82990DB0E00154A78 /* RealmModel.swift in Sources */,
				2FD9067929C947A100CC4225 /* AuthCoordinator.swift in Sources */,
				2F863F3529CAB82900755FFC /* CertificationUseCase.swift in Sources */,
				2FB2D7BC29B5CA3500EA35F4 /* OnBoardingView.swift in Sources */,
				2FD85FC529C825A200BE0BCC /* CoordinatorStyleCase.swift in Sources */,
				2FD40B1D29C58EBE00BED327 /* Community.swift in Sources */,
				2FD3BFFB29B99C0E00096669 /* TabBarCoordinator.swift in Sources */,
				2F0677B729CF0BDD00687848 /* PasswordViewController.swift in Sources */,
				2FD85FC329C8252400BE0BCC /* CoordinatorDelegate.swift in Sources */,
				2F863F2A29CAB26A00755FFC /* TargetType.swift in Sources */,
				2FD40B1B29C58E0F00BED327 /* BaseCollectionViewCell.swift in Sources */,
				2FB2D7AC29B5C20200EA35F4 /* LoginView.swift in Sources */,
				2F0677C229CF1FDE00687848 /* PetsCommandoRepository.swift in Sources */,
				2FC572DE29B8403300D21EBA /* HomeViewModel.swift in Sources */,
				2FB5971A29E01F5A006F641F /* PetsLostCollectionViewCell.swift in Sources */,
				2F0677A329CEA56000687848 /* EmailViewModel.swift in Sources */,
				2FD9068429C9521900CC4225 /* HomeCoordinator.swift in Sources */,
				2F0677AD29CEBE6300687848 /* NicknameView.swift in Sources */,
				2FC5B28129CAD4700032B55C /* APIKey.swift in Sources */,
				2FD188B029DE8A9900996EA9 /* CommunityView.swift in Sources */,
				2FD40B1529C58D0C00BED327 /* TopicViewController.swift in Sources */,
				2FB2D7AA29B5C1FC00EA35F4 /* SignUpViewController.swift in Sources */,
				2F0677B529CF0BD500687848 /* PasswordViewModel.swift in Sources */,
				2FB2D79B29B59FAB00EA35F4 /* Font+Enum.swift in Sources */,
				2F0677BB29CF159500687848 /* PetsCommandoRepositoryType.swift in Sources */,
				2FB2D7B229B5C69200EA35F4 /* LoginViewModel.swift in Sources */,
				2FB33F1929D1D5F0003B8B2A /* EmailDuplication.swift in Sources */,
				2FC572E129B8404E00D21EBA /* HomeView.swift in Sources */,
				2FFA534429DAC7750065F624 /* CircleButton.swift in Sources */,
				2FB5971529E01015006F641F /* CommunityCollectionViewCell.swift in Sources */,
				2F64A91829B34AE900BC11B9 /* SignUpView.swift in Sources */,
				2F0677A829CEA57800687848 /* EmailView.swift in Sources */,
				2FB5970429DFFF86006F641F /* CommunityViewController.swift in Sources */,
				2F863F3329CAB77100755FFC /* PetsCommandoService.swift in Sources */,
				2FAB65B229B3127D0022B609 /* Color.swift in Sources */,
				2FFA534829DAC7F80065F624 /* ButtonStatus.swift in Sources */,
				2FC2EB5129E4034E00ECE2ED /* CommunityDetailViewController.swift in Sources */,
				2F863F3129CAB49700755FFC /* AuthDTO.swift in Sources */,
				2FDE16002990DB6400154A78 /* ViewModelType.swift in Sources */,
				2F64A8FC29B31AED00BC11B9 /* AppCoordinator.swift in Sources */,
				2F863F2829CAB22900755FFC /* HTTPMethod.swift in Sources */,
				2FD40B1929C58DDA00BED327 /* TopicView.swift in Sources */,
				2F64A91229B33A5F00BC11B9 /* UITextField+Extension.swift in Sources */,
				2FB5971129E00709006F641F /* CommunityAndPetsLostViewModel.swift in Sources */,
				2F0677B929CF0BE300687848 /* PasswordView.swift in Sources */,
				2FFA534629DAC7890065F624 /* DefaultButton.swift in Sources */,
				2FDE16072990DDBF00154A78 /* BaseView.swift in Sources */,
				2FAB65AA29B30E6C0022B609 /* LoginViewController.swift in Sources */,
				2FB33F1C29D2874C003B8B2A /* DuplicationEmailResponseDTO.swift in Sources */,
				2FD40B1F29C593B200BED327 /* TopicCell.swift in Sources */,
				2FC5B28629CAE16A0032B55C /* UserRepository.swift in Sources */,
				2F64A90129B31CFE00BC11B9 /* OnBoardingViewController.swift in Sources */,
				2FC94ED529C083230097E696 /* HomeString.swift in Sources */,
				2FC9CA1329B70307008C502F /* SignUpViewModel.swift in Sources */,
				2FDE15FA2990DB1B00154A78 /* Repository.swift in Sources */,
				2FB5970B29E00346006F641F /* PetsLostViewController.swift in Sources */,
				2FD9068129C9519800CC4225 /* UserDefaultKeyCase.swift in Sources */,
			);
			runOnlyForDeploymentPostprocessing = 0;
		};
/* End PBXSourcesBuildPhase section */

/* Begin PBXVariantGroup section */
		2FDE15DA2990D13D00154A78 /* LaunchScreen.storyboard */ = {
			isa = PBXVariantGroup;
			children = (
				2FDE15DB2990D13D00154A78 /* Base */,
			);
			name = LaunchScreen.storyboard;
			sourceTree = "<group>";
		};
/* End PBXVariantGroup section */

/* Begin XCBuildConfiguration section */
		2FDE15DE2990D13D00154A78 /* Debug */ = {
			isa = XCBuildConfiguration;
			buildSettings = {
				ALWAYS_SEARCH_USER_PATHS = NO;
				CLANG_ANALYZER_NONNULL = YES;
				CLANG_ANALYZER_NUMBER_OBJECT_CONVERSION = YES_AGGRESSIVE;
				CLANG_CXX_LANGUAGE_STANDARD = "gnu++20";
				CLANG_ENABLE_MODULES = YES;
				CLANG_ENABLE_OBJC_ARC = YES;
				CLANG_ENABLE_OBJC_WEAK = YES;
				CLANG_WARN_BLOCK_CAPTURE_AUTORELEASING = YES;
				CLANG_WARN_BOOL_CONVERSION = YES;
				CLANG_WARN_COMMA = YES;
				CLANG_WARN_CONSTANT_CONVERSION = YES;
				CLANG_WARN_DEPRECATED_OBJC_IMPLEMENTATIONS = YES;
				CLANG_WARN_DIRECT_OBJC_ISA_USAGE = YES_ERROR;
				CLANG_WARN_DOCUMENTATION_COMMENTS = YES;
				CLANG_WARN_EMPTY_BODY = YES;
				CLANG_WARN_ENUM_CONVERSION = YES;
				CLANG_WARN_INFINITE_RECURSION = YES;
				CLANG_WARN_INT_CONVERSION = YES;
				CLANG_WARN_NON_LITERAL_NULL_CONVERSION = YES;
				CLANG_WARN_OBJC_IMPLICIT_RETAIN_SELF = YES;
				CLANG_WARN_OBJC_LITERAL_CONVERSION = YES;
				CLANG_WARN_OBJC_ROOT_CLASS = YES_ERROR;
				CLANG_WARN_QUOTED_INCLUDE_IN_FRAMEWORK_HEADER = YES;
				CLANG_WARN_RANGE_LOOP_ANALYSIS = YES;
				CLANG_WARN_STRICT_PROTOTYPES = YES;
				CLANG_WARN_SUSPICIOUS_MOVE = YES;
				CLANG_WARN_UNGUARDED_AVAILABILITY = YES_AGGRESSIVE;
				CLANG_WARN_UNREACHABLE_CODE = YES;
				CLANG_WARN__DUPLICATE_METHOD_MATCH = YES;
				COPY_PHASE_STRIP = NO;
				DEBUG_INFORMATION_FORMAT = dwarf;
				ENABLE_STRICT_OBJC_MSGSEND = YES;
				ENABLE_TESTABILITY = YES;
				GCC_C_LANGUAGE_STANDARD = gnu11;
				GCC_DYNAMIC_NO_PIC = NO;
				GCC_NO_COMMON_BLOCKS = YES;
				GCC_OPTIMIZATION_LEVEL = 0;
				GCC_PREPROCESSOR_DEFINITIONS = (
					"DEBUG=1",
					"$(inherited)",
				);
				GCC_WARN_64_TO_32_BIT_CONVERSION = YES;
				GCC_WARN_ABOUT_RETURN_TYPE = YES_ERROR;
				GCC_WARN_UNDECLARED_SELECTOR = YES;
				GCC_WARN_UNINITIALIZED_AUTOS = YES_AGGRESSIVE;
				GCC_WARN_UNUSED_FUNCTION = YES;
				GCC_WARN_UNUSED_VARIABLE = YES;
				IPHONEOS_DEPLOYMENT_TARGET = 16.0;
				MTL_ENABLE_DEBUG_INFO = INCLUDE_SOURCE;
				MTL_FAST_MATH = YES;
				ONLY_ACTIVE_ARCH = YES;
				SDKROOT = iphoneos;
				SWIFT_ACTIVE_COMPILATION_CONDITIONS = DEBUG;
				SWIFT_OPTIMIZATION_LEVEL = "-Onone";
			};
			name = Debug;
		};
		2FDE15DF2990D13D00154A78 /* Release */ = {
			isa = XCBuildConfiguration;
			buildSettings = {
				ALWAYS_SEARCH_USER_PATHS = NO;
				CLANG_ANALYZER_NONNULL = YES;
				CLANG_ANALYZER_NUMBER_OBJECT_CONVERSION = YES_AGGRESSIVE;
				CLANG_CXX_LANGUAGE_STANDARD = "gnu++20";
				CLANG_ENABLE_MODULES = YES;
				CLANG_ENABLE_OBJC_ARC = YES;
				CLANG_ENABLE_OBJC_WEAK = YES;
				CLANG_WARN_BLOCK_CAPTURE_AUTORELEASING = YES;
				CLANG_WARN_BOOL_CONVERSION = YES;
				CLANG_WARN_COMMA = YES;
				CLANG_WARN_CONSTANT_CONVERSION = YES;
				CLANG_WARN_DEPRECATED_OBJC_IMPLEMENTATIONS = YES;
				CLANG_WARN_DIRECT_OBJC_ISA_USAGE = YES_ERROR;
				CLANG_WARN_DOCUMENTATION_COMMENTS = YES;
				CLANG_WARN_EMPTY_BODY = YES;
				CLANG_WARN_ENUM_CONVERSION = YES;
				CLANG_WARN_INFINITE_RECURSION = YES;
				CLANG_WARN_INT_CONVERSION = YES;
				CLANG_WARN_NON_LITERAL_NULL_CONVERSION = YES;
				CLANG_WARN_OBJC_IMPLICIT_RETAIN_SELF = YES;
				CLANG_WARN_OBJC_LITERAL_CONVERSION = YES;
				CLANG_WARN_OBJC_ROOT_CLASS = YES_ERROR;
				CLANG_WARN_QUOTED_INCLUDE_IN_FRAMEWORK_HEADER = YES;
				CLANG_WARN_RANGE_LOOP_ANALYSIS = YES;
				CLANG_WARN_STRICT_PROTOTYPES = YES;
				CLANG_WARN_SUSPICIOUS_MOVE = YES;
				CLANG_WARN_UNGUARDED_AVAILABILITY = YES_AGGRESSIVE;
				CLANG_WARN_UNREACHABLE_CODE = YES;
				CLANG_WARN__DUPLICATE_METHOD_MATCH = YES;
				COPY_PHASE_STRIP = NO;
				DEBUG_INFORMATION_FORMAT = "dwarf-with-dsym";
				ENABLE_NS_ASSERTIONS = NO;
				ENABLE_STRICT_OBJC_MSGSEND = YES;
				GCC_C_LANGUAGE_STANDARD = gnu11;
				GCC_NO_COMMON_BLOCKS = YES;
				GCC_WARN_64_TO_32_BIT_CONVERSION = YES;
				GCC_WARN_ABOUT_RETURN_TYPE = YES_ERROR;
				GCC_WARN_UNDECLARED_SELECTOR = YES;
				GCC_WARN_UNINITIALIZED_AUTOS = YES_AGGRESSIVE;
				GCC_WARN_UNUSED_FUNCTION = YES;
				GCC_WARN_UNUSED_VARIABLE = YES;
				IPHONEOS_DEPLOYMENT_TARGET = 16.0;
				MTL_ENABLE_DEBUG_INFO = NO;
				MTL_FAST_MATH = YES;
				SDKROOT = iphoneos;
				SWIFT_COMPILATION_MODE = wholemodule;
				SWIFT_OPTIMIZATION_LEVEL = "-O";
				VALIDATE_PRODUCT = YES;
			};
			name = Release;
		};
		2FDE15E12990D13D00154A78 /* Debug */ = {
			isa = XCBuildConfiguration;
			buildSettings = {
				ASSETCATALOG_COMPILER_APPICON_NAME = AppIcon;
				ASSETCATALOG_COMPILER_GLOBAL_ACCENT_COLOR_NAME = AccentColor;
				CODE_SIGN_STYLE = Automatic;
				CURRENT_PROJECT_VERSION = 1;
				DEVELOPMENT_TEAM = LL4R66V6Y3;
				GENERATE_INFOPLIST_FILE = YES;
				INFOPLIST_FILE = PetsCommando/Supportings/Info.plist;
				INFOPLIST_KEY_UIApplicationSupportsIndirectInputEvents = YES;
				INFOPLIST_KEY_UILaunchStoryboardName = LaunchScreen;
				INFOPLIST_KEY_UIMainStoryboardFile = "";
				INFOPLIST_KEY_UISupportedInterfaceOrientations_iPad = "UIInterfaceOrientationPortrait UIInterfaceOrientationPortraitUpsideDown UIInterfaceOrientationLandscapeLeft UIInterfaceOrientationLandscapeRight";
				INFOPLIST_KEY_UISupportedInterfaceOrientations_iPhone = "UIInterfaceOrientationPortrait UIInterfaceOrientationLandscapeLeft UIInterfaceOrientationLandscapeRight";
				IPHONEOS_DEPLOYMENT_TARGET = 15.0;
				LD_RUNPATH_SEARCH_PATHS = (
					"$(inherited)",
					"@executable_path/Frameworks",
				);
				MARKETING_VERSION = 1.0;
				PRODUCT_BUNDLE_IDENTIFIER = cody.PetsCommando;
				PRODUCT_NAME = "$(TARGET_NAME)";
				SWIFT_EMIT_LOC_STRINGS = YES;
				SWIFT_VERSION = 5.0;
				TARGETED_DEVICE_FAMILY = "1,2";
			};
			name = Debug;
		};
		2FDE15E22990D13D00154A78 /* Release */ = {
			isa = XCBuildConfiguration;
			buildSettings = {
				ASSETCATALOG_COMPILER_APPICON_NAME = AppIcon;
				ASSETCATALOG_COMPILER_GLOBAL_ACCENT_COLOR_NAME = AccentColor;
				CODE_SIGN_STYLE = Automatic;
				CURRENT_PROJECT_VERSION = 1;
				DEVELOPMENT_TEAM = LL4R66V6Y3;
				GENERATE_INFOPLIST_FILE = YES;
				INFOPLIST_FILE = PetsCommando/Supportings/Info.plist;
				INFOPLIST_KEY_UIApplicationSupportsIndirectInputEvents = YES;
				INFOPLIST_KEY_UILaunchStoryboardName = LaunchScreen;
				INFOPLIST_KEY_UIMainStoryboardFile = "";
				INFOPLIST_KEY_UISupportedInterfaceOrientations_iPad = "UIInterfaceOrientationPortrait UIInterfaceOrientationPortraitUpsideDown UIInterfaceOrientationLandscapeLeft UIInterfaceOrientationLandscapeRight";
				INFOPLIST_KEY_UISupportedInterfaceOrientations_iPhone = "UIInterfaceOrientationPortrait UIInterfaceOrientationLandscapeLeft UIInterfaceOrientationLandscapeRight";
				IPHONEOS_DEPLOYMENT_TARGET = 15.0;
				LD_RUNPATH_SEARCH_PATHS = (
					"$(inherited)",
					"@executable_path/Frameworks",
				);
				MARKETING_VERSION = 1.0;
				PRODUCT_BUNDLE_IDENTIFIER = cody.PetsCommando;
				PRODUCT_NAME = "$(TARGET_NAME)";
				SWIFT_EMIT_LOC_STRINGS = YES;
				SWIFT_VERSION = 5.0;
				TARGETED_DEVICE_FAMILY = "1,2";
			};
			name = Release;
		};
/* End XCBuildConfiguration section */

/* Begin XCConfigurationList section */
		2FDE15C72990D13C00154A78 /* Build configuration list for PBXProject "PetsCommando" */ = {
			isa = XCConfigurationList;
			buildConfigurations = (
				2FDE15DE2990D13D00154A78 /* Debug */,
				2FDE15DF2990D13D00154A78 /* Release */,
			);
			defaultConfigurationIsVisible = 0;
			defaultConfigurationName = Release;
		};
		2FDE15E02990D13D00154A78 /* Build configuration list for PBXNativeTarget "PetsCommando" */ = {
			isa = XCConfigurationList;
			buildConfigurations = (
				2FDE15E12990D13D00154A78 /* Debug */,
				2FDE15E22990D13D00154A78 /* Release */,
			);
			defaultConfigurationIsVisible = 0;
			defaultConfigurationName = Release;
		};
/* End XCConfigurationList section */

/* Begin XCRemoteSwiftPackageReference section */
		2F0677BC29CF1DE200687848 /* XCRemoteSwiftPackageReference "Toast-Swift" */ = {
			isa = XCRemoteSwiftPackageReference;
			repositoryURL = "https://github.com/scalessec/Toast-Swift.git";
			requirement = {
				kind = upToNextMinorVersion;
				minimumVersion = 5.0.0;
			};
		};
		2F64A90629B3281C00BC11B9 /* XCRemoteSwiftPackageReference "SnapKit" */ = {
			isa = XCRemoteSwiftPackageReference;
			repositoryURL = "https://github.com/SnapKit/SnapKit.git";
			requirement = {
				kind = upToNextMinorVersion;
				minimumVersion = 5.6.0;
			};
		};
		2FAB65AB29B310570022B609 /* XCRemoteSwiftPackageReference "RxSwift" */ = {
			isa = XCRemoteSwiftPackageReference;
			repositoryURL = "https://github.com/ReactiveX/RxSwift.git";
			requirement = {
				kind = upToNextMinorVersion;
				minimumVersion = 6.5.0;
			};
		};
		2FB5970729E0028A006F641F /* XCRemoteSwiftPackageReference "Tabman" */ = {
			isa = XCRemoteSwiftPackageReference;
			repositoryURL = "https://github.com/uias/Tabman.git";
			requirement = {
				kind = upToNextMinorVersion;
				minimumVersion = 3.0.0;
			};
		};
		2FC246D929D1945100349AEF /* XCRemoteSwiftPackageReference "Moya" */ = {
			isa = XCRemoteSwiftPackageReference;
			repositoryURL = "https://github.com/Moya/Moya.git";
			requirement = {
				kind = exactVersion;
				version = 15.0.3;
			};
		};
		2FC2EB5729E4105900ECE2ED /* XCRemoteSwiftPackageReference "Then" */ = {
			isa = XCRemoteSwiftPackageReference;
			repositoryURL = "https://github.com/devxoul/Then.git";
			requirement = {
				kind = upToNextMinorVersion;
				minimumVersion = 3.0.0;
			};
		};
/* End XCRemoteSwiftPackageReference section */

/* Begin XCSwiftPackageProductDependency section */
		2F0677BD29CF1DE200687848 /* Toast */ = {
			isa = XCSwiftPackageProductDependency;
			package = 2F0677BC29CF1DE200687848 /* XCRemoteSwiftPackageReference "Toast-Swift" */;
			productName = Toast;
		};
		2F64A90729B3281C00BC11B9 /* SnapKit */ = {
			isa = XCSwiftPackageProductDependency;
			package = 2F64A90629B3281C00BC11B9 /* XCRemoteSwiftPackageReference "SnapKit" */;
			productName = SnapKit;
		};
		2FAB65AC29B310570022B609 /* RxCocoa */ = {
			isa = XCSwiftPackageProductDependency;
			package = 2FAB65AB29B310570022B609 /* XCRemoteSwiftPackageReference "RxSwift" */;
			productName = RxCocoa;
		};
		2FAB65AE29B310570022B609 /* RxSwift */ = {
			isa = XCSwiftPackageProductDependency;
			package = 2FAB65AB29B310570022B609 /* XCRemoteSwiftPackageReference "RxSwift" */;
			productName = RxSwift;
		};
		2FB5970829E0028A006F641F /* Tabman */ = {
			isa = XCSwiftPackageProductDependency;
			package = 2FB5970729E0028A006F641F /* XCRemoteSwiftPackageReference "Tabman" */;
			productName = Tabman;
		};
		2FC246DA29D1945100349AEF /* Moya */ = {
			isa = XCSwiftPackageProductDependency;
			package = 2FC246D929D1945100349AEF /* XCRemoteSwiftPackageReference "Moya" */;
			productName = Moya;
		};
		2FC2EB5829E4105900ECE2ED /* Then */ = {
			isa = XCSwiftPackageProductDependency;
			package = 2FC2EB5729E4105900ECE2ED /* XCRemoteSwiftPackageReference "Then" */;
			productName = Then;
		};
/* End XCSwiftPackageProductDependency section */
	};
	rootObject = 2FDE15C42990D13C00154A78 /* Project object */;
}
