// !$*UTF8*$!
{
	archiveVersion = 1;
	classes = {
	};
	objectVersion = 56;
	objects = {

/* Begin PBXBuildFile section */
		2F64A8F129B3171800BC11B9 /* Font.swift in Sources */ = {isa = PBXBuildFile; fileRef = 2F64A8F029B3171800BC11B9 /* Font.swift */; };
		2F64A8F529B319F800BC11B9 /* Coordinator.swift in Sources */ = {isa = PBXBuildFile; fileRef = 2F64A8F429B319F800BC11B9 /* Coordinator.swift */; };
		2F64A8F829B31AC300BC11B9 /* BaseCoordinatorContext.swift in Sources */ = {isa = PBXBuildFile; fileRef = 2F64A8F729B31AC300BC11B9 /* BaseCoordinatorContext.swift */; };
		2F64A8FA29B31AD800BC11B9 /* AppCoordinatorContext.swift in Sources */ = {isa = PBXBuildFile; fileRef = 2F64A8F929B31AD800BC11B9 /* AppCoordinatorContext.swift */; };
		2F64A8FC29B31AED00BC11B9 /* AppCoordinator.swift in Sources */ = {isa = PBXBuildFile; fileRef = 2F64A8FB29B31AED00BC11B9 /* AppCoordinator.swift */; };
		2F64A90129B31CFE00BC11B9 /* LaunchScreenViewController.swift in Sources */ = {isa = PBXBuildFile; fileRef = 2F64A90029B31CFE00BC11B9 /* LaunchScreenViewController.swift */; };
		2F64A90829B3281C00BC11B9 /* SnapKit in Frameworks */ = {isa = PBXBuildFile; productRef = 2F64A90729B3281C00BC11B9 /* SnapKit */; };
		2F64A90C29B3359600BC11B9 /* 강원교육모두 Light.otf in Resources */ = {isa = PBXBuildFile; fileRef = 2F64A90A29B3359600BC11B9 /* 강원교육모두 Light.otf */; };
		2F64A90D29B3359600BC11B9 /* 강원교육모두 Bold.otf in Resources */ = {isa = PBXBuildFile; fileRef = 2F64A90B29B3359600BC11B9 /* 강원교육모두 Bold.otf */; };
		2F64A91029B33A2C00BC11B9 /* LineTextFieldView.swift in Sources */ = {isa = PBXBuildFile; fileRef = 2F64A90F29B33A2C00BC11B9 /* LineTextFieldView.swift */; };
		2F64A91229B33A5F00BC11B9 /* UITextField+Extension.swift in Sources */ = {isa = PBXBuildFile; fileRef = 2F64A91129B33A5F00BC11B9 /* UITextField+Extension.swift */; };
		2FAB65AA29B30E6C0022B609 /* LoginViewController.swift in Sources */ = {isa = PBXBuildFile; fileRef = 2FAB65A929B30E6C0022B609 /* LoginViewController.swift */; };
		2FAB65AD29B310570022B609 /* RxCocoa in Frameworks */ = {isa = PBXBuildFile; productRef = 2FAB65AC29B310570022B609 /* RxCocoa */; };
		2FAB65AF29B310570022B609 /* RxSwift in Frameworks */ = {isa = PBXBuildFile; productRef = 2FAB65AE29B310570022B609 /* RxSwift */; };
		2FAB65B229B3127D0022B609 /* Color.swift in Sources */ = {isa = PBXBuildFile; fileRef = 2FAB65B129B3127D0022B609 /* Color.swift */; };
		2FDE15D02990D13C00154A78 /* AppDelegate.swift in Sources */ = {isa = PBXBuildFile; fileRef = 2FDE15CF2990D13C00154A78 /* AppDelegate.swift */; };
		2FDE15D22990D13C00154A78 /* SceneDelegate.swift in Sources */ = {isa = PBXBuildFile; fileRef = 2FDE15D12990D13C00154A78 /* SceneDelegate.swift */; };
		2FDE15D92990D13D00154A78 /* Assets.xcassets in Resources */ = {isa = PBXBuildFile; fileRef = 2FDE15D82990D13D00154A78 /* Assets.xcassets */; };
		2FDE15DC2990D13D00154A78 /* LaunchScreen.storyboard in Resources */ = {isa = PBXBuildFile; fileRef = 2FDE15DA2990D13D00154A78 /* LaunchScreen.storyboard */; };
		2FDE15EA2990D2EC00154A78 /* NetworkMonitor.swift in Sources */ = {isa = PBXBuildFile; fileRef = 2FDE15E92990D2EC00154A78 /* NetworkMonitor.swift */; };
		2FDE15ED2990D32C00154A78 /* Router.swift in Sources */ = {isa = PBXBuildFile; fileRef = 2FDE15EC2990D32C00154A78 /* Router.swift */; };
		2FDE15EF2990D34800154A78 /* APIKey.swift in Sources */ = {isa = PBXBuildFile; fileRef = 2FDE15EE2990D34800154A78 /* APIKey.swift */; };
		2FDE15F12990D35200154A78 /* URLConstant.swift in Sources */ = {isa = PBXBuildFile; fileRef = 2FDE15F02990D35200154A78 /* URLConstant.swift */; };
		2FDE15F32990D36F00154A78 /* EndPoint.swift in Sources */ = {isa = PBXBuildFile; fileRef = 2FDE15F22990D36F00154A78 /* EndPoint.swift */; };
		2FDE15F82990DB0E00154A78 /* RealmModel.swift in Sources */ = {isa = PBXBuildFile; fileRef = 2FDE15F72990DB0E00154A78 /* RealmModel.swift */; };
		2FDE15FA2990DB1B00154A78 /* Repository.swift in Sources */ = {isa = PBXBuildFile; fileRef = 2FDE15F92990DB1B00154A78 /* Repository.swift */; };
		2FDE16002990DB6400154A78 /* ViewModelType.swift in Sources */ = {isa = PBXBuildFile; fileRef = 2FDE15FF2990DB6400154A78 /* ViewModelType.swift */; };
		2FDE16072990DDBF00154A78 /* BaseView.swift in Sources */ = {isa = PBXBuildFile; fileRef = 2FDE16062990DDBF00154A78 /* BaseView.swift */; };
		2FDE16092990DDCA00154A78 /* BaseViewController.swift in Sources */ = {isa = PBXBuildFile; fileRef = 2FDE16082990DDCA00154A78 /* BaseViewController.swift */; };
/* End PBXBuildFile section */

/* Begin PBXFileReference section */
		2F64A8F029B3171800BC11B9 /* Font.swift */ = {isa = PBXFileReference; lastKnownFileType = sourcecode.swift; path = Font.swift; sourceTree = "<group>"; };
		2F64A8F429B319F800BC11B9 /* Coordinator.swift */ = {isa = PBXFileReference; lastKnownFileType = sourcecode.swift; path = Coordinator.swift; sourceTree = "<group>"; };
		2F64A8F729B31AC300BC11B9 /* BaseCoordinatorContext.swift */ = {isa = PBXFileReference; lastKnownFileType = sourcecode.swift; path = BaseCoordinatorContext.swift; sourceTree = "<group>"; };
		2F64A8F929B31AD800BC11B9 /* AppCoordinatorContext.swift */ = {isa = PBXFileReference; lastKnownFileType = sourcecode.swift; path = AppCoordinatorContext.swift; sourceTree = "<group>"; };
		2F64A8FB29B31AED00BC11B9 /* AppCoordinator.swift */ = {isa = PBXFileReference; lastKnownFileType = sourcecode.swift; path = AppCoordinator.swift; sourceTree = "<group>"; };
		2F64A90029B31CFE00BC11B9 /* LaunchScreenViewController.swift */ = {isa = PBXFileReference; lastKnownFileType = sourcecode.swift; path = LaunchScreenViewController.swift; sourceTree = "<group>"; };
		2F64A90A29B3359600BC11B9 /* 강원교육모두 Light.otf */ = {isa = PBXFileReference; lastKnownFileType = file; path = "강원교육모두 Light.otf"; sourceTree = "<group>"; };
		2F64A90B29B3359600BC11B9 /* 강원교육모두 Bold.otf */ = {isa = PBXFileReference; lastKnownFileType = file; path = "강원교육모두 Bold.otf"; sourceTree = "<group>"; };
		2F64A90F29B33A2C00BC11B9 /* LineTextFieldView.swift */ = {isa = PBXFileReference; lastKnownFileType = sourcecode.swift; path = LineTextFieldView.swift; sourceTree = "<group>"; };
		2F64A91129B33A5F00BC11B9 /* UITextField+Extension.swift */ = {isa = PBXFileReference; lastKnownFileType = sourcecode.swift; path = "UITextField+Extension.swift"; sourceTree = "<group>"; };
		2FAB65A929B30E6C0022B609 /* LoginViewController.swift */ = {isa = PBXFileReference; lastKnownFileType = sourcecode.swift; path = LoginViewController.swift; sourceTree = "<group>"; };
		2FAB65B129B3127D0022B609 /* Color.swift */ = {isa = PBXFileReference; lastKnownFileType = sourcecode.swift; path = Color.swift; sourceTree = "<group>"; };
		2FDE15CC2990D13C00154A78 /* PetsCommando.app */ = {isa = PBXFileReference; explicitFileType = wrapper.application; includeInIndex = 0; path = PetsCommando.app; sourceTree = BUILT_PRODUCTS_DIR; };
		2FDE15CF2990D13C00154A78 /* AppDelegate.swift */ = {isa = PBXFileReference; lastKnownFileType = sourcecode.swift; path = AppDelegate.swift; sourceTree = "<group>"; };
		2FDE15D12990D13C00154A78 /* SceneDelegate.swift */ = {isa = PBXFileReference; lastKnownFileType = sourcecode.swift; path = SceneDelegate.swift; sourceTree = "<group>"; };
		2FDE15D82990D13D00154A78 /* Assets.xcassets */ = {isa = PBXFileReference; lastKnownFileType = folder.assetcatalog; path = Assets.xcassets; sourceTree = "<group>"; };
		2FDE15DB2990D13D00154A78 /* Base */ = {isa = PBXFileReference; lastKnownFileType = file.storyboard; name = Base; path = Base.lproj/LaunchScreen.storyboard; sourceTree = "<group>"; };
		2FDE15DD2990D13D00154A78 /* Info.plist */ = {isa = PBXFileReference; lastKnownFileType = text.plist.xml; path = Info.plist; sourceTree = "<group>"; };
		2FDE15E92990D2EC00154A78 /* NetworkMonitor.swift */ = {isa = PBXFileReference; lastKnownFileType = sourcecode.swift; path = NetworkMonitor.swift; sourceTree = "<group>"; };
		2FDE15EC2990D32C00154A78 /* Router.swift */ = {isa = PBXFileReference; lastKnownFileType = sourcecode.swift; path = Router.swift; sourceTree = "<group>"; };
		2FDE15EE2990D34800154A78 /* APIKey.swift */ = {isa = PBXFileReference; lastKnownFileType = sourcecode.swift; path = APIKey.swift; sourceTree = "<group>"; };
		2FDE15F02990D35200154A78 /* URLConstant.swift */ = {isa = PBXFileReference; lastKnownFileType = sourcecode.swift; path = URLConstant.swift; sourceTree = "<group>"; };
		2FDE15F22990D36F00154A78 /* EndPoint.swift */ = {isa = PBXFileReference; lastKnownFileType = sourcecode.swift; path = EndPoint.swift; sourceTree = "<group>"; };
		2FDE15F72990DB0E00154A78 /* RealmModel.swift */ = {isa = PBXFileReference; lastKnownFileType = sourcecode.swift; path = RealmModel.swift; sourceTree = "<group>"; };
		2FDE15F92990DB1B00154A78 /* Repository.swift */ = {isa = PBXFileReference; lastKnownFileType = sourcecode.swift; path = Repository.swift; sourceTree = "<group>"; };
		2FDE15FF2990DB6400154A78 /* ViewModelType.swift */ = {isa = PBXFileReference; lastKnownFileType = sourcecode.swift; path = ViewModelType.swift; sourceTree = "<group>"; };
		2FDE16062990DDBF00154A78 /* BaseView.swift */ = {isa = PBXFileReference; lastKnownFileType = sourcecode.swift; path = BaseView.swift; sourceTree = "<group>"; };
		2FDE16082990DDCA00154A78 /* BaseViewController.swift */ = {isa = PBXFileReference; lastKnownFileType = sourcecode.swift; path = BaseViewController.swift; sourceTree = "<group>"; };
/* End PBXFileReference section */

/* Begin PBXFrameworksBuildPhase section */
		2FDE15C92990D13C00154A78 /* Frameworks */ = {
			isa = PBXFrameworksBuildPhase;
			buildActionMask = 2147483647;
			files = (
				2F64A90829B3281C00BC11B9 /* SnapKit in Frameworks */,
				2FAB65AF29B310570022B609 /* RxSwift in Frameworks */,
				2FAB65AD29B310570022B609 /* RxCocoa in Frameworks */,
			);
			runOnlyForDeploymentPostprocessing = 0;
		};
/* End PBXFrameworksBuildPhase section */

/* Begin PBXGroup section */
		2F64A8F229B3198300BC11B9 /* Coordinator */ = {
			isa = PBXGroup;
			children = (
				2F64A8F329B319D800BC11B9 /* AppCoordinator */,
				2F64A8F429B319F800BC11B9 /* Coordinator.swift */,
				2F64A8F729B31AC300BC11B9 /* BaseCoordinatorContext.swift */,
			);
			path = Coordinator;
			sourceTree = "<group>";
		};
		2F64A8F329B319D800BC11B9 /* AppCoordinator */ = {
			isa = PBXGroup;
			children = (
				2F64A8F929B31AD800BC11B9 /* AppCoordinatorContext.swift */,
				2F64A8FB29B31AED00BC11B9 /* AppCoordinator.swift */,
			);
			path = AppCoordinator;
			sourceTree = "<group>";
		};
		2F64A8FD29B31CC800BC11B9 /* LaunchScreen */ = {
			isa = PBXGroup;
			children = (
				2F64A90029B31CFE00BC11B9 /* LaunchScreenViewController.swift */,
			);
			path = LaunchScreen;
			sourceTree = "<group>";
		};
		2F64A90229B325DD00BC11B9 /* LoginCoordinator */ = {
			isa = PBXGroup;
			children = (
			);
			path = LoginCoordinator;
			sourceTree = "<group>";
		};
		2F64A90929B3352500BC11B9 /* Font */ = {
			isa = PBXGroup;
			children = (
				2F64A90B29B3359600BC11B9 /* 강원교육모두 Bold.otf */,
				2F64A90A29B3359600BC11B9 /* 강원교육모두 Light.otf */,
			);
			path = Font;
			sourceTree = "<group>";
		};
		2F64A90E29B33A1900BC11B9 /* Custom */ = {
			isa = PBXGroup;
			children = (
				2F64A90F29B33A2C00BC11B9 /* LineTextFieldView.swift */,
			);
			path = Custom;
			sourceTree = "<group>";
		};
		2FAB65A529B30E090022B609 /* Auth */ = {
			isa = PBXGroup;
			children = (
				2FAB65A729B30E570022B609 /* Login */,
				2FAB65A629B30E280022B609 /* SignUp */,
			);
			path = Auth;
			sourceTree = "<group>";
		};
		2FAB65A629B30E280022B609 /* SignUp */ = {
			isa = PBXGroup;
			children = (
			);
			path = SignUp;
			sourceTree = "<group>";
		};
		2FAB65A729B30E570022B609 /* Login */ = {
			isa = PBXGroup;
			children = (
				2F64A90229B325DD00BC11B9 /* LoginCoordinator */,
				2FAB65A829B30E630022B609 /* LoginView */,
			);
			path = Login;
			sourceTree = "<group>";
		};
		2FAB65A829B30E630022B609 /* LoginView */ = {
			isa = PBXGroup;
			children = (
				2FAB65A929B30E6C0022B609 /* LoginViewController.swift */,
			);
			path = LoginView;
			sourceTree = "<group>";
		};
		2FAB65B029B312720022B609 /* Constants */ = {
			isa = PBXGroup;
			children = (
				2FAB65B129B3127D0022B609 /* Color.swift */,
				2F64A8F029B3171800BC11B9 /* Font.swift */,
			);
			path = Constants;
			sourceTree = "<group>";
		};
		2FDE15C32990D13C00154A78 = {
			isa = PBXGroup;
			children = (
				2FDE15CE2990D13C00154A78 /* PetsCommando */,
				2FDE15CD2990D13C00154A78 /* Products */,
			);
			sourceTree = "<group>";
		};
		2FDE15CD2990D13C00154A78 /* Products */ = {
			isa = PBXGroup;
			children = (
				2FDE15CC2990D13C00154A78 /* PetsCommando.app */,
			);
			name = Products;
			sourceTree = "<group>";
		};
		2FDE15CE2990D13C00154A78 /* PetsCommando */ = {
			isa = PBXGroup;
			children = (
				2FDE15E52990D26600154A78 /* Supportings */,
				2FDE15E42990D22700154A78 /* Resources */,
				2FDE15E32990D21500154A78 /* Sources */,
			);
			path = PetsCommando;
			sourceTree = "<group>";
		};
		2FDE15E32990D21500154A78 /* Sources */ = {
			isa = PBXGroup;
			children = (
				2F64A8F229B3198300BC11B9 /* Coordinator */,
				2FDE16022990DD8800154A78 /* Base */,
				2FDE16012990DD8200154A78 /* Utills */,
				2FDE15FC2990DB3800154A78 /* Presents */,
				2FDE15FB2990DB3300154A78 /* Cell */,
				2FDE15F52990DAFF00154A78 /* Model */,
				2FDE15E62990D28100154A78 /* Application */,
				2FDE15E72990D2B300154A78 /* Network */,
			);
			path = Sources;
			sourceTree = "<group>";
		};
		2FDE15E42990D22700154A78 /* Resources */ = {
			isa = PBXGroup;
			children = (
				2F64A90929B3352500BC11B9 /* Font */,
				2FDE15DA2990D13D00154A78 /* LaunchScreen.storyboard */,
				2FDE15D82990D13D00154A78 /* Assets.xcassets */,
			);
			path = Resources;
			sourceTree = "<group>";
		};
		2FDE15E52990D26600154A78 /* Supportings */ = {
			isa = PBXGroup;
			children = (
				2FDE15DD2990D13D00154A78 /* Info.plist */,
			);
			path = Supportings;
			sourceTree = "<group>";
		};
		2FDE15E62990D28100154A78 /* Application */ = {
			isa = PBXGroup;
			children = (
				2FDE15CF2990D13C00154A78 /* AppDelegate.swift */,
				2FDE15D12990D13C00154A78 /* SceneDelegate.swift */,
			);
			path = Application;
			sourceTree = "<group>";
		};
		2FDE15E72990D2B300154A78 /* Network */ = {
			isa = PBXGroup;
			children = (
				2FDE15F42990DAD300154A78 /* API */,
				2FDE15EB2990D31D00154A78 /* Service */,
				2FDE15E82990D2D900154A78 /* Monitor */,
			);
			path = Network;
			sourceTree = "<group>";
		};
		2FDE15E82990D2D900154A78 /* Monitor */ = {
			isa = PBXGroup;
			children = (
				2FDE15E92990D2EC00154A78 /* NetworkMonitor.swift */,
			);
			path = Monitor;
			sourceTree = "<group>";
		};
		2FDE15EB2990D31D00154A78 /* Service */ = {
			isa = PBXGroup;
			children = (
				2FDE15EC2990D32C00154A78 /* Router.swift */,
				2FDE15EE2990D34800154A78 /* APIKey.swift */,
				2FDE15F02990D35200154A78 /* URLConstant.swift */,
				2FDE15F22990D36F00154A78 /* EndPoint.swift */,
			);
			path = Service;
			sourceTree = "<group>";
		};
		2FDE15F42990DAD300154A78 /* API */ = {
			isa = PBXGroup;
			children = (
			);
			path = API;
			sourceTree = "<group>";
		};
		2FDE15F52990DAFF00154A78 /* Model */ = {
			isa = PBXGroup;
			children = (
				2FDE15F62990DB0500154A78 /* Realm */,
			);
			path = Model;
			sourceTree = "<group>";
		};
		2FDE15F62990DB0500154A78 /* Realm */ = {
			isa = PBXGroup;
			children = (
				2FDE15F72990DB0E00154A78 /* RealmModel.swift */,
				2FDE15F92990DB1B00154A78 /* Repository.swift */,
			);
			path = Realm;
			sourceTree = "<group>";
		};
		2FDE15FB2990DB3300154A78 /* Cell */ = {
			isa = PBXGroup;
			children = (
			);
			path = Cell;
			sourceTree = "<group>";
		};
		2FDE15FC2990DB3800154A78 /* Presents */ = {
			isa = PBXGroup;
			children = (
				2F64A8FD29B31CC800BC11B9 /* LaunchScreen */,
				2FAB65A529B30E090022B609 /* Auth */,
				2FDE15FD2990DB5500154A78 /* Protocol */,
			);
			path = Presents;
			sourceTree = "<group>";
		};
		2FDE15FD2990DB5500154A78 /* Protocol */ = {
			isa = PBXGroup;
			children = (
				2FDE15FE2990DB5900154A78 /* ViewModel */,
			);
			path = Protocol;
			sourceTree = "<group>";
		};
		2FDE15FE2990DB5900154A78 /* ViewModel */ = {
			isa = PBXGroup;
			children = (
				2FDE15FF2990DB6400154A78 /* ViewModelType.swift */,
			);
			path = ViewModel;
			sourceTree = "<group>";
		};
		2FDE16012990DD8200154A78 /* Utills */ = {
			isa = PBXGroup;
			children = (
				2F64A90E29B33A1900BC11B9 /* Custom */,
				2FAB65B029B312720022B609 /* Constants */,
				2FDE16052990DDA400154A78 /* Extension */,
				2FDE16042990DD9800154A78 /* ReusableProtocol */,
				2FDE16032990DD9300154A78 /* Protocol */,
			);
			path = Utills;
			sourceTree = "<group>";
		};
		2FDE16022990DD8800154A78 /* Base */ = {
			isa = PBXGroup;
			children = (
				2FDE16062990DDBF00154A78 /* BaseView.swift */,
				2FDE16082990DDCA00154A78 /* BaseViewController.swift */,
			);
			path = Base;
			sourceTree = "<group>";
		};
		2FDE16032990DD9300154A78 /* Protocol */ = {
			isa = PBXGroup;
			children = (
			);
			path = Protocol;
			sourceTree = "<group>";
		};
		2FDE16042990DD9800154A78 /* ReusableProtocol */ = {
			isa = PBXGroup;
			children = (
			);
			path = ReusableProtocol;
			sourceTree = "<group>";
		};
		2FDE16052990DDA400154A78 /* Extension */ = {
			isa = PBXGroup;
			children = (
				2F64A91129B33A5F00BC11B9 /* UITextField+Extension.swift */,
			);
			path = Extension;
			sourceTree = "<group>";
		};
/* End PBXGroup section */

/* Begin PBXNativeTarget section */
		2FDE15CB2990D13C00154A78 /* PetsCommando */ = {
			isa = PBXNativeTarget;
			buildConfigurationList = 2FDE15E02990D13D00154A78 /* Build configuration list for PBXNativeTarget "PetsCommando" */;
			buildPhases = (
				2FDE15C82990D13C00154A78 /* Sources */,
				2FDE15C92990D13C00154A78 /* Frameworks */,
				2FDE15CA2990D13C00154A78 /* Resources */,
			);
			buildRules = (
			);
			dependencies = (
			);
			name = PetsCommando;
			packageProductDependencies = (
				2FAB65AC29B310570022B609 /* RxCocoa */,
				2FAB65AE29B310570022B609 /* RxSwift */,
				2F64A90729B3281C00BC11B9 /* SnapKit */,
			);
			productName = PetsCommando;
			productReference = 2FDE15CC2990D13C00154A78 /* PetsCommando.app */;
			productType = "com.apple.product-type.application";
		};
/* End PBXNativeTarget section */

/* Begin PBXProject section */
		2FDE15C42990D13C00154A78 /* Project object */ = {
			isa = PBXProject;
			attributes = {
				BuildIndependentTargetsInParallel = 1;
				LastSwiftUpdateCheck = 1400;
				LastUpgradeCheck = 1400;
				TargetAttributes = {
					2FDE15CB2990D13C00154A78 = {
						CreatedOnToolsVersion = 14.0;
					};
				};
			};
			buildConfigurationList = 2FDE15C72990D13C00154A78 /* Build configuration list for PBXProject "PetsCommando" */;
			compatibilityVersion = "Xcode 14.0";
			developmentRegion = en;
			hasScannedForEncodings = 0;
			knownRegions = (
				en,
				Base,
			);
			mainGroup = 2FDE15C32990D13C00154A78;
			packageReferences = (
				2FAB65AB29B310570022B609 /* XCRemoteSwiftPackageReference "RxSwift" */,
				2F64A90629B3281C00BC11B9 /* XCRemoteSwiftPackageReference "SnapKit" */,
			);
			productRefGroup = 2FDE15CD2990D13C00154A78 /* Products */;
			projectDirPath = "";
			projectRoot = "";
			targets = (
				2FDE15CB2990D13C00154A78 /* PetsCommando */,
			);
		};
/* End PBXProject section */

/* Begin PBXResourcesBuildPhase section */
		2FDE15CA2990D13C00154A78 /* Resources */ = {
			isa = PBXResourcesBuildPhase;
			buildActionMask = 2147483647;
			files = (
				2F64A90D29B3359600BC11B9 /* 강원교육모두 Bold.otf in Resources */,
				2FDE15DC2990D13D00154A78 /* LaunchScreen.storyboard in Resources */,
				2FDE15D92990D13D00154A78 /* Assets.xcassets in Resources */,
				2F64A90C29B3359600BC11B9 /* 강원교육모두 Light.otf in Resources */,
			);
			runOnlyForDeploymentPostprocessing = 0;
		};
/* End PBXResourcesBuildPhase section */

/* Begin PBXSourcesBuildPhase section */
		2FDE15C82990D13C00154A78 /* Sources */ = {
			isa = PBXSourcesBuildPhase;
			buildActionMask = 2147483647;
			files = (
				2F64A8F529B319F800BC11B9 /* Coordinator.swift in Sources */,
				2FDE15ED2990D32C00154A78 /* Router.swift in Sources */,
				2FDE15D02990D13C00154A78 /* AppDelegate.swift in Sources */,
				2F64A8F129B3171800BC11B9 /* Font.swift in Sources */,
				2FDE15EA2990D2EC00154A78 /* NetworkMonitor.swift in Sources */,
				2F64A8F829B31AC300BC11B9 /* BaseCoordinatorContext.swift in Sources */,
				2FDE15D22990D13C00154A78 /* SceneDelegate.swift in Sources */,
				2FDE15EF2990D34800154A78 /* APIKey.swift in Sources */,
				2FDE16092990DDCA00154A78 /* BaseViewController.swift in Sources */,
				2F64A91029B33A2C00BC11B9 /* LineTextFieldView.swift in Sources */,
				2FDE15F82990DB0E00154A78 /* RealmModel.swift in Sources */,
				2F64A8FA29B31AD800BC11B9 /* AppCoordinatorContext.swift in Sources */,
				2FDE15F32990D36F00154A78 /* EndPoint.swift in Sources */,
				2FDE15F12990D35200154A78 /* URLConstant.swift in Sources */,
				2FAB65B229B3127D0022B609 /* Color.swift in Sources */,
				2FDE16002990DB6400154A78 /* ViewModelType.swift in Sources */,
				2F64A8FC29B31AED00BC11B9 /* AppCoordinator.swift in Sources */,
				2F64A91229B33A5F00BC11B9 /* UITextField+Extension.swift in Sources */,
				2FDE16072990DDBF00154A78 /* BaseView.swift in Sources */,
				2FAB65AA29B30E6C0022B609 /* LoginViewController.swift in Sources */,
				2F64A90129B31CFE00BC11B9 /* LaunchScreenViewController.swift in Sources */,
				2FDE15FA2990DB1B00154A78 /* Repository.swift in Sources */,
			);
			runOnlyForDeploymentPostprocessing = 0;
		};
/* End PBXSourcesBuildPhase section */

/* Begin PBXVariantGroup section */
		2FDE15DA2990D13D00154A78 /* LaunchScreen.storyboard */ = {
			isa = PBXVariantGroup;
			children = (
				2FDE15DB2990D13D00154A78 /* Base */,
			);
			name = LaunchScreen.storyboard;
			sourceTree = "<group>";
		};
/* End PBXVariantGroup section */

/* Begin XCBuildConfiguration section */
		2FDE15DE2990D13D00154A78 /* Debug */ = {
			isa = XCBuildConfiguration;
			buildSettings = {
				ALWAYS_SEARCH_USER_PATHS = NO;
				CLANG_ANALYZER_NONNULL = YES;
				CLANG_ANALYZER_NUMBER_OBJECT_CONVERSION = YES_AGGRESSIVE;
				CLANG_CXX_LANGUAGE_STANDARD = "gnu++20";
				CLANG_ENABLE_MODULES = YES;
				CLANG_ENABLE_OBJC_ARC = YES;
				CLANG_ENABLE_OBJC_WEAK = YES;
				CLANG_WARN_BLOCK_CAPTURE_AUTORELEASING = YES;
				CLANG_WARN_BOOL_CONVERSION = YES;
				CLANG_WARN_COMMA = YES;
				CLANG_WARN_CONSTANT_CONVERSION = YES;
				CLANG_WARN_DEPRECATED_OBJC_IMPLEMENTATIONS = YES;
				CLANG_WARN_DIRECT_OBJC_ISA_USAGE = YES_ERROR;
				CLANG_WARN_DOCUMENTATION_COMMENTS = YES;
				CLANG_WARN_EMPTY_BODY = YES;
				CLANG_WARN_ENUM_CONVERSION = YES;
				CLANG_WARN_INFINITE_RECURSION = YES;
				CLANG_WARN_INT_CONVERSION = YES;
				CLANG_WARN_NON_LITERAL_NULL_CONVERSION = YES;
				CLANG_WARN_OBJC_IMPLICIT_RETAIN_SELF = YES;
				CLANG_WARN_OBJC_LITERAL_CONVERSION = YES;
				CLANG_WARN_OBJC_ROOT_CLASS = YES_ERROR;
				CLANG_WARN_QUOTED_INCLUDE_IN_FRAMEWORK_HEADER = YES;
				CLANG_WARN_RANGE_LOOP_ANALYSIS = YES;
				CLANG_WARN_STRICT_PROTOTYPES = YES;
				CLANG_WARN_SUSPICIOUS_MOVE = YES;
				CLANG_WARN_UNGUARDED_AVAILABILITY = YES_AGGRESSIVE;
				CLANG_WARN_UNREACHABLE_CODE = YES;
				CLANG_WARN__DUPLICATE_METHOD_MATCH = YES;
				COPY_PHASE_STRIP = NO;
				DEBUG_INFORMATION_FORMAT = dwarf;
				ENABLE_STRICT_OBJC_MSGSEND = YES;
				ENABLE_TESTABILITY = YES;
				GCC_C_LANGUAGE_STANDARD = gnu11;
				GCC_DYNAMIC_NO_PIC = NO;
				GCC_NO_COMMON_BLOCKS = YES;
				GCC_OPTIMIZATION_LEVEL = 0;
				GCC_PREPROCESSOR_DEFINITIONS = (
					"DEBUG=1",
					"$(inherited)",
				);
				GCC_WARN_64_TO_32_BIT_CONVERSION = YES;
				GCC_WARN_ABOUT_RETURN_TYPE = YES_ERROR;
				GCC_WARN_UNDECLARED_SELECTOR = YES;
				GCC_WARN_UNINITIALIZED_AUTOS = YES_AGGRESSIVE;
				GCC_WARN_UNUSED_FUNCTION = YES;
				GCC_WARN_UNUSED_VARIABLE = YES;
				IPHONEOS_DEPLOYMENT_TARGET = 16.0;
				MTL_ENABLE_DEBUG_INFO = INCLUDE_SOURCE;
				MTL_FAST_MATH = YES;
				ONLY_ACTIVE_ARCH = YES;
				SDKROOT = iphoneos;
				SWIFT_ACTIVE_COMPILATION_CONDITIONS = DEBUG;
				SWIFT_OPTIMIZATION_LEVEL = "-Onone";
			};
			name = Debug;
		};
		2FDE15DF2990D13D00154A78 /* Release */ = {
			isa = XCBuildConfiguration;
			buildSettings = {
				ALWAYS_SEARCH_USER_PATHS = NO;
				CLANG_ANALYZER_NONNULL = YES;
				CLANG_ANALYZER_NUMBER_OBJECT_CONVERSION = YES_AGGRESSIVE;
				CLANG_CXX_LANGUAGE_STANDARD = "gnu++20";
				CLANG_ENABLE_MODULES = YES;
				CLANG_ENABLE_OBJC_ARC = YES;
				CLANG_ENABLE_OBJC_WEAK = YES;
				CLANG_WARN_BLOCK_CAPTURE_AUTORELEASING = YES;
				CLANG_WARN_BOOL_CONVERSION = YES;
				CLANG_WARN_COMMA = YES;
				CLANG_WARN_CONSTANT_CONVERSION = YES;
				CLANG_WARN_DEPRECATED_OBJC_IMPLEMENTATIONS = YES;
				CLANG_WARN_DIRECT_OBJC_ISA_USAGE = YES_ERROR;
				CLANG_WARN_DOCUMENTATION_COMMENTS = YES;
				CLANG_WARN_EMPTY_BODY = YES;
				CLANG_WARN_ENUM_CONVERSION = YES;
				CLANG_WARN_INFINITE_RECURSION = YES;
				CLANG_WARN_INT_CONVERSION = YES;
				CLANG_WARN_NON_LITERAL_NULL_CONVERSION = YES;
				CLANG_WARN_OBJC_IMPLICIT_RETAIN_SELF = YES;
				CLANG_WARN_OBJC_LITERAL_CONVERSION = YES;
				CLANG_WARN_OBJC_ROOT_CLASS = YES_ERROR;
				CLANG_WARN_QUOTED_INCLUDE_IN_FRAMEWORK_HEADER = YES;
				CLANG_WARN_RANGE_LOOP_ANALYSIS = YES;
				CLANG_WARN_STRICT_PROTOTYPES = YES;
				CLANG_WARN_SUSPICIOUS_MOVE = YES;
				CLANG_WARN_UNGUARDED_AVAILABILITY = YES_AGGRESSIVE;
				CLANG_WARN_UNREACHABLE_CODE = YES;
				CLANG_WARN__DUPLICATE_METHOD_MATCH = YES;
				COPY_PHASE_STRIP = NO;
				DEBUG_INFORMATION_FORMAT = "dwarf-with-dsym";
				ENABLE_NS_ASSERTIONS = NO;
				ENABLE_STRICT_OBJC_MSGSEND = YES;
				GCC_C_LANGUAGE_STANDARD = gnu11;
				GCC_NO_COMMON_BLOCKS = YES;
				GCC_WARN_64_TO_32_BIT_CONVERSION = YES;
				GCC_WARN_ABOUT_RETURN_TYPE = YES_ERROR;
				GCC_WARN_UNDECLARED_SELECTOR = YES;
				GCC_WARN_UNINITIALIZED_AUTOS = YES_AGGRESSIVE;
				GCC_WARN_UNUSED_FUNCTION = YES;
				GCC_WARN_UNUSED_VARIABLE = YES;
				IPHONEOS_DEPLOYMENT_TARGET = 16.0;
				MTL_ENABLE_DEBUG_INFO = NO;
				MTL_FAST_MATH = YES;
				SDKROOT = iphoneos;
				SWIFT_COMPILATION_MODE = wholemodule;
				SWIFT_OPTIMIZATION_LEVEL = "-O";
				VALIDATE_PRODUCT = YES;
			};
			name = Release;
		};
		2FDE15E12990D13D00154A78 /* Debug */ = {
			isa = XCBuildConfiguration;
			buildSettings = {
				ASSETCATALOG_COMPILER_APPICON_NAME = AppIcon;
				ASSETCATALOG_COMPILER_GLOBAL_ACCENT_COLOR_NAME = AccentColor;
				CODE_SIGN_STYLE = Automatic;
				CURRENT_PROJECT_VERSION = 1;
				DEVELOPMENT_TEAM = LL4R66V6Y3;
				GENERATE_INFOPLIST_FILE = YES;
				INFOPLIST_FILE = PetsCommando/Supportings/Info.plist;
				INFOPLIST_KEY_UIApplicationSupportsIndirectInputEvents = YES;
				INFOPLIST_KEY_UILaunchStoryboardName = LaunchScreen;
				INFOPLIST_KEY_UIMainStoryboardFile = "";
				INFOPLIST_KEY_UISupportedInterfaceOrientations_iPad = "UIInterfaceOrientationPortrait UIInterfaceOrientationPortraitUpsideDown UIInterfaceOrientationLandscapeLeft UIInterfaceOrientationLandscapeRight";
				INFOPLIST_KEY_UISupportedInterfaceOrientations_iPhone = "UIInterfaceOrientationPortrait UIInterfaceOrientationLandscapeLeft UIInterfaceOrientationLandscapeRight";
				IPHONEOS_DEPLOYMENT_TARGET = 15.0;
				LD_RUNPATH_SEARCH_PATHS = (
					"$(inherited)",
					"@executable_path/Frameworks",
				);
				MARKETING_VERSION = 1.0;
				PRODUCT_BUNDLE_IDENTIFIER = cody.PetsCommando;
				PRODUCT_NAME = "$(TARGET_NAME)";
				SWIFT_EMIT_LOC_STRINGS = YES;
				SWIFT_VERSION = 5.0;
				TARGETED_DEVICE_FAMILY = "1,2";
			};
			name = Debug;
		};
		2FDE15E22990D13D00154A78 /* Release */ = {
			isa = XCBuildConfiguration;
			buildSettings = {
				ASSETCATALOG_COMPILER_APPICON_NAME = AppIcon;
				ASSETCATALOG_COMPILER_GLOBAL_ACCENT_COLOR_NAME = AccentColor;
				CODE_SIGN_STYLE = Automatic;
				CURRENT_PROJECT_VERSION = 1;
				DEVELOPMENT_TEAM = LL4R66V6Y3;
				GENERATE_INFOPLIST_FILE = YES;
				INFOPLIST_FILE = PetsCommando/Supportings/Info.plist;
				INFOPLIST_KEY_UIApplicationSupportsIndirectInputEvents = YES;
				INFOPLIST_KEY_UILaunchStoryboardName = LaunchScreen;
				INFOPLIST_KEY_UIMainStoryboardFile = "";
				INFOPLIST_KEY_UISupportedInterfaceOrientations_iPad = "UIInterfaceOrientationPortrait UIInterfaceOrientationPortraitUpsideDown UIInterfaceOrientationLandscapeLeft UIInterfaceOrientationLandscapeRight";
				INFOPLIST_KEY_UISupportedInterfaceOrientations_iPhone = "UIInterfaceOrientationPortrait UIInterfaceOrientationLandscapeLeft UIInterfaceOrientationLandscapeRight";
				IPHONEOS_DEPLOYMENT_TARGET = 15.0;
				LD_RUNPATH_SEARCH_PATHS = (
					"$(inherited)",
					"@executable_path/Frameworks",
				);
				MARKETING_VERSION = 1.0;
				PRODUCT_BUNDLE_IDENTIFIER = cody.PetsCommando;
				PRODUCT_NAME = "$(TARGET_NAME)";
				SWIFT_EMIT_LOC_STRINGS = YES;
				SWIFT_VERSION = 5.0;
				TARGETED_DEVICE_FAMILY = "1,2";
			};
			name = Release;
		};
/* End XCBuildConfiguration section */

/* Begin XCConfigurationList section */
		2FDE15C72990D13C00154A78 /* Build configuration list for PBXProject "PetsCommando" */ = {
			isa = XCConfigurationList;
			buildConfigurations = (
				2FDE15DE2990D13D00154A78 /* Debug */,
				2FDE15DF2990D13D00154A78 /* Release */,
			);
			defaultConfigurationIsVisible = 0;
			defaultConfigurationName = Release;
		};
		2FDE15E02990D13D00154A78 /* Build configuration list for PBXNativeTarget "PetsCommando" */ = {
			isa = XCConfigurationList;
			buildConfigurations = (
				2FDE15E12990D13D00154A78 /* Debug */,
				2FDE15E22990D13D00154A78 /* Release */,
			);
			defaultConfigurationIsVisible = 0;
			defaultConfigurationName = Release;
		};
/* End XCConfigurationList section */

/* Begin XCRemoteSwiftPackageReference section */
		2F64A90629B3281C00BC11B9 /* XCRemoteSwiftPackageReference "SnapKit" */ = {
			isa = XCRemoteSwiftPackageReference;
			repositoryURL = "https://github.com/SnapKit/SnapKit.git";
			requirement = {
				kind = upToNextMinorVersion;
				minimumVersion = 5.6.0;
			};
		};
		2FAB65AB29B310570022B609 /* XCRemoteSwiftPackageReference "RxSwift" */ = {
			isa = XCRemoteSwiftPackageReference;
			repositoryURL = "https://github.com/ReactiveX/RxSwift.git";
			requirement = {
				kind = upToNextMinorVersion;
				minimumVersion = 6.5.0;
			};
		};
/* End XCRemoteSwiftPackageReference section */

/* Begin XCSwiftPackageProductDependency section */
		2F64A90729B3281C00BC11B9 /* SnapKit */ = {
			isa = XCSwiftPackageProductDependency;
			package = 2F64A90629B3281C00BC11B9 /* XCRemoteSwiftPackageReference "SnapKit" */;
			productName = SnapKit;
		};
		2FAB65AC29B310570022B609 /* RxCocoa */ = {
			isa = XCSwiftPackageProductDependency;
			package = 2FAB65AB29B310570022B609 /* XCRemoteSwiftPackageReference "RxSwift" */;
			productName = RxCocoa;
		};
		2FAB65AE29B310570022B609 /* RxSwift */ = {
			isa = XCSwiftPackageProductDependency;
			package = 2FAB65AB29B310570022B609 /* XCRemoteSwiftPackageReference "RxSwift" */;
			productName = RxSwift;
		};
/* End XCSwiftPackageProductDependency section */
	};
	rootObject = 2FDE15C42990D13C00154A78 /* Project object */;
}
